<?xml version="1.0" encoding="utf-8"?>
<Project ToolsVersion="17.0" xmlns="http://schemas.microsoft.com/developer/msbuild/2003">
  <ItemGroup>
    <ClCompile Include="D:\projects\brogameagent\src\nav_grid.cpp">
      <Filter>Source Files</Filter>
    </ClCompile>
    <ClCompile Include="D:\projects\brogameagent\src\steering.cpp">
      <Filter>Source Files</Filter>
    </ClCompile>
    <ClCompile Include="D:\projects\brogameagent\src\agent.cpp">
      <Filter>Source Files</Filter>
    </ClCompile>
    <ClCompile Include="D:\projects\brogameagent\src\perception.cpp">
      <Filter>Source Files</Filter>
    </ClCompile>
    <ClCompile Include="D:\projects\brogameagent\src\world.cpp">
      <Filter>Source Files</Filter>
    </ClCompile>
    <ClCompile Include="D:\projects\brogameagent\src\observation.cpp">
      <Filter>Source Files</Filter>
    </ClCompile>
    <ClCompile Include="D:\projects\brogameagent\src\action_mask.cpp">
      <Filter>Source Files</Filter>
    </ClCompile>
    <ClCompile Include="D:\projects\brogameagent\src\reward.cpp">
      <Filter>Source Files</Filter>
    </ClCompile>
    <ClCompile Include="D:\projects\brogameagent\src\simulation.cpp">
      <Filter>Source Files</Filter>
    </ClCompile>
    <ClCompile Include="D:\projects\brogameagent\src\recorder.cpp">
      <Filter>Source Files</Filter>
    </ClCompile>
    <ClCompile Include="D:\projects\brogameagent\src\replay_reader.cpp">
      <Filter>Source Files</Filter>
    </ClCompile>
    <ClCompile Include="D:\projects\brogameagent\src\vec_simulation.cpp">
      <Filter>Source Files</Filter>
    </ClCompile>
    <ClCompile Include="D:\projects\brogameagent\src\mcts.cpp">
      <Filter>Source Files</Filter>
    </ClCompile>
    <ClCompile Include="D:\projects\brogameagent\src\generic_mcts.cpp">
      <Filter>Source Files</Filter>
    </ClCompile>
    <ClCompile Include="D:\projects\brogameagent\src\capability_set.cpp">
      <Filter>Source Files</Filter>
    </ClCompile>
    <ClCompile Include="D:\projects\brogameagent\src\capabilities.cpp">
      <Filter>Source Files</Filter>
    </ClCompile>
    <ClCompile Include="D:\projects\brogameagent\src\scripted_minion_policy.cpp">
      <Filter>Source Files</Filter>
    </ClCompile>
    <ClCompile Include="D:\projects\brogameagent\src\observability.cpp">
      <Filter>Source Files</Filter>
    </ClCompile>
    <ClCompile Include="D:\projects\brogameagent\src\belief.cpp">
      <Filter>Source Files</Filter>
    </ClCompile>
    <ClCompile Include="D:\projects\brogameagent\src\info_set_mcts.cpp">
      <Filter>Source Files</Filter>
    </ClCompile>
    <ClCompile Include="D:\projects\brogameagent\src\nn\ops.cpp">
      <Filter>Source Files</Filter>
    </ClCompile>
    <ClCompile Include="D:\projects\brogameagent\src\nn\factored.cpp">
      <Filter>Source Files</Filter>
    </ClCompile>
    <ClCompile Include="D:\projects\brogameagent\src\nn\circuits.cpp">
      <Filter>Source Files</Filter>
    </ClCompile>
    <ClCompile Include="D:\projects\brogameagent\src\nn\encoder.cpp">
      <Filter>Source Files</Filter>
    </ClCompile>
    <ClCompile Include="D:\projects\brogameagent\src\nn\decoder.cpp">
      <Filter>Source Files</Filter>
    </ClCompile>
    <ClCompile Include="D:\projects\brogameagent\src\nn\autoencoder.cpp">
      <Filter>Source Files</Filter>
    </ClCompile>
    <ClCompile Include="D:\projects\brogameagent\src\nn\heads.cpp">
      <Filter>Source Files</Filter>
    </ClCompile>
    <ClCompile Include="D:\projects\brogameagent\src\nn\net.cpp">
      <Filter>Source Files</Filter>
    </ClCompile>
    <ClCompile Include="D:\projects\brogameagent\src\nn\policy_value_net.cpp">
      <Filter>Source Files</Filter>
    </ClCompile>
    <ClCompile Include="D:\projects\brogameagent\src\nn\layernorm.cpp">
      <Filter>Source Files</Filter>
    </ClCompile>
    <ClCompile Include="D:\projects\brogameagent\src\nn\embedding.cpp">
      <Filter>Source Files</Filter>
    </ClCompile>
    <ClCompile Include="D:\projects\brogameagent\src\nn\attention.cpp">
      <Filter>Source Files</Filter>
    </ClCompile>
    <ClCompile Include="D:\projects\brogameagent\src\nn\gru.cpp">
      <Filter>Source Files</Filter>
    </ClCompile>
    <ClCompile Include="D:\projects\brogameagent\src\nn\set_transformer.cpp">
      <Filter>Source Files</Filter>
    </ClCompile>
    <ClCompile Include="D:\projects\brogameagent\src\nn\net_st.cpp">
      <Filter>Source Files</Filter>
    </ClCompile>
    <ClCompile Include="D:\projects\brogameagent\src\nn\heads_dist.cpp">
      <Filter>Source Files</Filter>
    </ClCompile>
    <ClCompile Include="D:\projects\brogameagent\src\nn\ensemble.cpp">
      <Filter>Source Files</Filter>
    </ClCompile>
    <ClCompile Include="D:\projects\brogameagent\src\nn\forward_model.cpp">
      <Filter>Source Files</Filter>
    </ClCompile>
    <ClCompile Include="D:\projects\brogameagent\src\nn\multi_head_attention.cpp">
      <Filter>Source Files</Filter>
    </ClCompile>
    <ClCompile Include="D:\projects\brogameagent\src\nn\feedforward.cpp">
      <Filter>Source Files</Filter>
    </ClCompile>
    <ClCompile Include="D:\projects\brogameagent\src\nn\transformer_block.cpp">
      <Filter>Source Files</Filter>
    </ClCompile>
    <ClCompile Include="D:\projects\brogameagent\src\nn\transformer_encoder.cpp">
      <Filter>Source Files</Filter>
    </ClCompile>
    <ClCompile Include="D:\projects\brogameagent\src\nn\net_tx.cpp">
      <Filter>Source Files</Filter>
    </ClCompile>
    <ClCompile Include="D:\projects\brogameagent\src\learn\trainer.cpp">
      <Filter>Source Files</Filter>
    </ClCompile>
    <ClCompile Include="D:\projects\brogameagent\src\learn\generic_trainer.cpp">
      <Filter>Source Files</Filter>
    </ClCompile>
    <ClCompile Include="D:\projects\brogameagent\src\learn\search_trace.cpp">
      <Filter>Source Files</Filter>
    </ClCompile>
    <ClCompile Include="D:\projects\brogameagent\src\learn\neural_adapters.cpp">
      <Filter>Source Files</Filter>
    </ClCompile>
    <ClCompile Include="D:\projects\brogameagent\src\learn\gumbel.cpp">
      <Filter>Source Files</Filter>
    </ClCompile>
    <ClCompile Include="D:\projects\brogameagent\src\learn\contrastive.cpp">
      <Filter>Source Files</Filter>
    </ClCompile>
    <ClCompile Include="D:\projects\brogameagent\src\grid\obs_window.cpp">
      <Filter>Source Files</Filter>
    </ClCompile>
    <ClCompile Include="D:\projects\brogameagent\src\grid\generic_recorder.cpp">
      <Filter>Source Files</Filter>
    </ClCompile>
    <ClCompile Include="D:\projects\brogameagent\src\grid\harness.cpp">
      <Filter>Source Files</Filter>
    </ClCompile>
  </ItemGroup>
  <ItemGroup>
    <CudaCompile Include="..\src\nn\gpu\runtime.cu">
      <Filter>Source Files</Filter>
    </CudaCompile>
    <CudaCompile Include="..\src\nn\gpu\tensor.cu">
      <Filter>Source Files</Filter>
    </CudaCompile>
    <CudaCompile Include="..\src\nn\gpu\gemm.cu">
      <Filter>Source Files</Filter>
    </CudaCompile>
    <CudaCompile Include="..\src\nn\gpu\elementwise.cu">
      <Filter>Source Files</Filter>
    </CudaCompile>
    <CudaCompile Include="..\src\nn\gpu\softmax.cu">
      <Filter>Source Files</Filter>
    </CudaCompile>
    <CudaCompile Include="..\src\nn\gpu\layernorm.cu">
      <Filter>Source Files</Filter>
    </CudaCompile>
    <CudaCompile Include="..\src\nn\gpu\attention.cu">
      <Filter>Source Files</Filter>
    </CudaCompile>
    <CudaCompile Include="..\src\nn\gpu\optim.cu">
      <Filter>Source Files</Filter>
    </CudaCompile>
    <CudaCompile Include="..\src\nn\gpu\adam.cu">
      <Filter>Source Files</Filter>
    </CudaCompile>
    <CudaCompile Include="..\src\nn\gpu\reduce.cu">
      <Filter>Source Files</Filter>
    </CudaCompile>
    <CudaCompile Include="..\src\nn\gpu\loss.cu">
      <Filter>Source Files</Filter>
    </CudaCompile>
    <CudaCompile Include="..\src\nn\gpu\embedding.cu">
      <Filter>Source Files</Filter>
    </CudaCompile>
    <CudaCompile Include="..\src\nn\gpu\concat.cu">
      <Filter>Source Files</Filter>
    </CudaCompile>
    <CudaCompile Include="..\src\nn\gpu\mha.cu">
      <Filter>Source Files</Filter>
    </CudaCompile>
  </ItemGroup>
  <ItemGroup>
    <CustomBuild Include="D:\projects\brogameagent\CMakeLists.txt" />
  </ItemGroup>
  <ItemGroup>
    <Filter Include="Source Files">
      <UniqueIdentifier>{C493AA59-CC0C-31E5-98A4-072F0F65787A}</UniqueIdentifier>
    </Filter>
  </ItemGroup>
</Project>
