
Microsoft Visual Studio Solution File, Format Version 12.00
# Visual Studio Version 17
Project("{8BC9CEB8-8B4A-11D0-8D11-00A0C91BC942}") = "ALL_BUILD", "ALL_BUILD.vcxproj", "{592BC97D-C3BB-3507-AFBE-7B6F188AF04A}"
	ProjectSection(ProjectDependencies) = postProject
		{36E70E5D-E63C-3F9F-8345-6550ED8E6021} = {36E70E5D-E63C-3F9F-8345-6550ED8E6021}
		{CC457938-AF3C-3E2D-AFCD-04E0A7FED789} = {CC457938-AF3C-3E2D-AFCD-04E0A7FED789}
		{1F630469-2B97-30FA-B258-4E9B91EB5267} = {1F630469-2B97-30FA-B258-4E9B91EB5267}
		{9175CF2A-6C62-3602-A7ED-6D9E31674A1D} = {9175CF2A-6C62-3602-A7ED-6D9E31674A1D}
		{F4C6D504-61CC-3666-AE8F-100F457DD80B} = {F4C6D504-61CC-3666-AE8F-100F457DD80B}
		{360055FC-72F3-3231-B0DE-C458D2356820} = {360055FC-72F3-3231-B0DE-C458D2356820}
		{14E2CE3B-C9C9-3B58-8395-82C407E3C147} = {14E2CE3B-C9C9-3B58-8395-82C407E3C147}
		{B12EE40D-FBE2-3AA9-BC2F-5FD5680048FD} = {B12EE40D-FBE2-3AA9-BC2F-5FD5680048FD}
		{354B7DDA-81B4-3EDE-9E93-DE7ECE1D2B56} = {354B7DDA-81B4-3EDE-9E93-DE7ECE1D2B56}
		{AEF97AE7-B1E2-3805-A66E-2A7FA12D4B31} = {AEF97AE7-B1E2-3805-A66E-2A7FA12D4B31}
		{AED17D8E-654B-3CF6-89E9-E3F0AD39EFFE} = {AED17D8E-654B-3CF6-89E9-E3F0AD39EFFE}
		{A9A8A42C-BB4C-39D2-9DE0-2FBB3C60CC50} = {A9A8A42C-BB4C-39D2-9DE0-2FBB3C60CC50}
		{94780CD9-49F8-393F-9CE7-5865EB05B5A1} = {94780CD9-49F8-393F-9CE7-5865EB05B5A1}
		{8F738912-536D-3319-BEAF-BE6C48C9994E} = {8F738912-536D-3319-BEAF-BE6C48C9994E}
		{672BB72D-4C31-3EB8-8525-C783FA3CC76D} = {672BB72D-4C31-3EB8-8525-C783FA3CC76D}
		{1229852C-1B07-32F7-9369-42153368A1D6} = {1229852C-1B07-32F7-9369-42153368A1D6}
		{E654F3A7-4D36-3FF9-94A7-BEF7C66BB2EE} = {E654F3A7-4D36-3FF9-94A7-BEF7C66BB2EE}
		{66B0E1A4-EE79-3103-BD44-70207607529E} = {66B0E1A4-EE79-3103-BD44-70207607529E}
		{AD0FFE1D-C1A2-3854-8288-4F74EFD5E383} = {AD0FFE1D-C1A2-3854-8288-4F74EFD5E383}
		{3A5771EC-31C9-3BD0-8B28-E28E16D984B2} = {3A5771EC-31C9-3BD0-8B28-E28E16D984B2}
		{41003E74-7F35-333C-91C0-759C15EEB568} = {41003E74-7F35-333C-91C0-759C15EEB568}
		{35F6D632-0DE9-37AE-9E30-28B4CEB12F6F} = {35F6D632-0DE9-37AE-9E30-28B4CEB12F6F}
		{E36DE025-6E7A-318C-A803-320A6DD76683} = {E36DE025-6E7A-318C-A803-320A6DD76683}
		{E1DCEED8-13AC-3507-9B8D-46D85E86D225} = {E1DCEED8-13AC-3507-9B8D-46D85E86D225}
		{489D85E7-00C5-3628-B08B-C768F3B60D38} = {489D85E7-00C5-3628-B08B-C768F3B60D38}
		{29B092C9-79B2-3DF5-A7FD-F80D127AB996} = {29B092C9-79B2-3DF5-A7FD-F80D127AB996}
		{D08883C5-2DE5-3AA4-8863-F43B51DE7D23} = {D08883C5-2DE5-3AA4-8863-F43B51DE7D23}
		{D97C6F9A-C147-3F61-AC5A-7F2AC84305F2} = {D97C6F9A-C147-3F61-AC5A-7F2AC84305F2}
		{64F881B9-FA32-3192-8BD5-C4E41DD41BF9} = {64F881B9-FA32-3192-8BD5-C4E41DD41BF9}
		{DEE84CC4-8CA1-310C-B1C9-72364062A137} = {DEE84CC4-8CA1-310C-B1C9-72364062A137}
		{E7228795-22C9-3655-8BF1-2A9B25BC7684} = {E7228795-22C9-3655-8BF1-2A9B25BC7684}
		{54E1F362-4600-3793-9C63-7DD19AB907D8} = {54E1F362-4600-3793-9C63-7DD19AB907D8}
		{B0279203-B23E-3FEB-9F00-D9B404FC4FAA} = {B0279203-B23E-3FEB-9F00-D9B404FC4FAA}
		{115B2E92-BF76-32FB-A469-30BEA53536D1} = {115B2E92-BF76-32FB-A469-30BEA53536D1}
		{A21A6A3F-79A6-3A2D-B651-9DDE1923F552} = {A21A6A3F-79A6-3A2D-B651-9DDE1923F552}
		{91A7C597-1599-36C9-8F15-98A5414B4E17} = {91A7C597-1599-36C9-8F15-98A5414B4E17}
		{78663B5D-F009-3865-9296-6E3B0E3CB612} = {78663B5D-F009-3865-9296-6E3B0E3CB612}
		{91EAE28C-21EC-3DC1-89A7-0A35514C3E77} = {91EAE28C-21EC-3DC1-89A7-0A35514C3E77}
		{6EA98657-8B59-3CF5-B448-6A98A7E003DC} = {6EA98657-8B59-3CF5-B448-6A98A7E003DC}
		{1F23A35D-CD91-36A0-B061-DA06E154609E} = {1F23A35D-CD91-36A0-B061-DA06E154609E}
		{84A3B034-9E8A-392C-9060-F1BFD9A7A970} = {84A3B034-9E8A-392C-9060-F1BFD9A7A970}
		{A8BDFC8A-44D6-34F5-BC09-3A7852CAE248} = {A8BDFC8A-44D6-34F5-BC09-3A7852CAE248}
		{FB6A5A56-2633-3A84-9983-867AA790C54C} = {FB6A5A56-2633-3A84-9983-867AA790C54C}
		{DDA7D573-BAED-30A4-8B71-CD529BFE9EEA} = {DDA7D573-BAED-30A4-8B71-CD529BFE9EEA}
		{68DA07DE-6F76-333D-B259-217CBC3D2210} = {68DA07DE-6F76-333D-B259-217CBC3D2210}
		{A50A41EE-985A-3CEF-BAD1-243D8C34A927} = {A50A41EE-985A-3CEF-BAD1-243D8C34A927}
		{6BCA9865-032D-397A-9093-47647F8FE305} = {6BCA9865-032D-397A-9093-47647F8FE305}
		{60A27490-9A65-3873-8402-FD52B7425CB7} = {60A27490-9A65-3873-8402-FD52B7425CB7}
		{4CD62947-1039-3052-A95F-E4F760C1C384} = {4CD62947-1039-3052-A95F-E4F760C1C384}
		{F2317228-3420-37BA-A567-2DF1C153C1DE} = {F2317228-3420-37BA-A567-2DF1C153C1DE}
	EndProjectSection
EndProject
Project("{8BC9CEB8-8B4A-11D0-8D11-00A0C91BC942}") = "INSTALL", "INSTALL.vcxproj", "{B5C7CFEB-3722-3A06-99F6-8CB1F3F769FC}"
	ProjectSection(ProjectDependencies) = postProject
		{592BC97D-C3BB-3507-AFBE-7B6F188AF04A} = {592BC97D-C3BB-3507-AFBE-7B6F188AF04A}
		{36E70E5D-E63C-3F9F-8345-6550ED8E6021} = {36E70E5D-E63C-3F9F-8345-6550ED8E6021}
	EndProjectSection
EndProject
Project("{8BC9CEB8-8B4A-11D0-8D11-00A0C91BC942}") = "RUN_TESTS", "RUN_TESTS.vcxproj", "{FE958896-8C96-3FDA-94DC-43B16A67AD7F}"
	ProjectSection(ProjectDependencies) = postProject
		{36E70E5D-E63C-3F9F-8345-6550ED8E6021} = {36E70E5D-E63C-3F9F-8345-6550ED8E6021}
	EndProjectSection
EndProject
Project("{8BC9CEB8-8B4A-11D0-8D11-00A0C91BC942}") = "ZERO_CHECK", "ZERO_CHECK.vcxproj", "{36E70E5D-E63C-3F9F-8345-6550ED8E6021}"
	ProjectSection(ProjectDependencies) = postProject
	EndProjectSection
EndProject
Project("{8BC9CEB8-8B4A-11D0-8D11-00A0C91BC942}") = "brogameagent", "brogameagent.vcxproj", "{CC457938-AF3C-3E2D-AFCD-04E0A7FED789}"
	ProjectSection(ProjectDependencies) = postProject
		{36E70E5D-E63C-3F9F-8345-6550ED8E6021} = {36E70E5D-E63C-3F9F-8345-6550ED8E6021}
	EndProjectSection
EndProject
Project("{8BC9CEB8-8B4A-11D0-8D11-00A0C91BC942}") = "brogameagent_adam_test", "tests\brogameagent_adam_test.vcxproj", "{1F630469-2B97-30FA-B258-4E9B91EB5267}"
	ProjectSection(ProjectDependencies) = postProject
		{36E70E5D-E63C-3F9F-8345-6550ED8E6021} = {36E70E5D-E63C-3F9F-8345-6550ED8E6021}
		{CC457938-AF3C-3E2D-AFCD-04E0A7FED789} = {CC457938-AF3C-3E2D-AFCD-04E0A7FED789}
	EndProjectSection
EndProject
Project("{8BC9CEB8-8B4A-11D0-8D11-00A0C91BC942}") = "brogameagent_gpu_adam_parity_test", "tests\brogameagent_gpu_adam_parity_test.vcxproj", "{9175CF2A-6C62-3602-A7ED-6D9E31674A1D}"
	ProjectSection(ProjectDependencies) = postProject
		{36E70E5D-E63C-3F9F-8345-6550ED8E6021} = {36E70E5D-E63C-3F9F-8345-6550ED8E6021}
		{CC457938-AF3C-3E2D-AFCD-04E0A7FED789} = {CC457938-AF3C-3E2D-AFCD-04E0A7FED789}
	EndProjectSection
EndProject
Project("{8BC9CEB8-8B4A-11D0-8D11-00A0C91BC942}") = "brogameagent_gpu_attention_parity_test", "tests\brogameagent_gpu_attention_parity_test.vcxproj", "{F4C6D504-61CC-3666-AE8F-100F457DD80B}"
	ProjectSection(ProjectDependencies) = postProject
		{36E70E5D-E63C-3F9F-8345-6550ED8E6021} = {36E70E5D-E63C-3F9F-8345-6550ED8E6021}
		{CC457938-AF3C-3E2D-AFCD-04E0A7FED789} = {CC457938-AF3C-3E2D-AFCD-04E0A7FED789}
	EndProjectSection
EndProject
Project("{8BC9CEB8-8B4A-11D0-8D11-00A0C91BC942}") = "brogameagent_gpu_concat_parity_test", "tests\brogameagent_gpu_concat_parity_test.vcxproj", "{360055FC-72F3-3231-B0DE-C458D2356820}"
	ProjectSection(ProjectDependencies) = postProject
		{36E70E5D-E63C-3F9F-8345-6550ED8E6021} = {36E70E5D-E63C-3F9F-8345-6550ED8E6021}
		{CC457938-AF3C-3E2D-AFCD-04E0A7FED789} = {CC457938-AF3C-3E2D-AFCD-04E0A7FED789}
	EndProjectSection
EndProject
Project("{8BC9CEB8-8B4A-11D0-8D11-00A0C91BC942}") = "brogameagent_gpu_elementwise_parity_test", "tests\brogameagent_gpu_elementwise_parity_test.vcxproj", "{14E2CE3B-C9C9-3B58-8395-82C407E3C147}"
	ProjectSection(ProjectDependencies) = postProject
		{36E70E5D-E63C-3F9F-8345-6550ED8E6021} = {36E70E5D-E63C-3F9F-8345-6550ED8E6021}
		{CC457938-AF3C-3E2D-AFCD-04E0A7FED789} = {CC457938-AF3C-3E2D-AFCD-04E0A7FED789}
	EndProjectSection
EndProject
Project("{8BC9CEB8-8B4A-11D0-8D11-00A0C91BC942}") = "brogameagent_gpu_embedding_parity_test", "tests\brogameagent_gpu_embedding_parity_test.vcxproj", "{B12EE40D-FBE2-3AA9-BC2F-5FD5680048FD}"
	ProjectSection(ProjectDependencies) = postProject
		{36E70E5D-E63C-3F9F-8345-6550ED8E6021} = {36E70E5D-E63C-3F9F-8345-6550ED8E6021}
		{CC457938-AF3C-3E2D-AFCD-04E0A7FED789} = {CC457938-AF3C-3E2D-AFCD-04E0A7FED789}
	EndProjectSection
EndProject
Project("{8BC9CEB8-8B4A-11D0-8D11-00A0C91BC942}") = "brogameagent_gpu_layer_attention_dispatch_test", "tests\brogameagent_gpu_layer_attention_dispatch_test.vcxproj", "{354B7DDA-81B4-3EDE-9E93-DE7ECE1D2B56}"
	ProjectSection(ProjectDependencies) = postProject
		{36E70E5D-E63C-3F9F-8345-6550ED8E6021} = {36E70E5D-E63C-3F9F-8345-6550ED8E6021}
		{CC457938-AF3C-3E2D-AFCD-04E0A7FED789} = {CC457938-AF3C-3E2D-AFCD-04E0A7FED789}
	EndProjectSection
EndProject
Project("{8BC9CEB8-8B4A-11D0-8D11-00A0C91BC942}") = "brogameagent_gpu_layer_autoencoder_dispatch_test", "tests\brogameagent_gpu_layer_autoencoder_dispatch_test.vcxproj", "{AEF97AE7-B1E2-3805-A66E-2A7FA12D4B31}"
	ProjectSection(ProjectDependencies) = postProject
		{36E70E5D-E63C-3F9F-8345-6550ED8E6021} = {36E70E5D-E63C-3F9F-8345-6550ED8E6021}
		{CC457938-AF3C-3E2D-AFCD-04E0A7FED789} = {CC457938-AF3C-3E2D-AFCD-04E0A7FED789}
	EndProjectSection
EndProject
Project("{8BC9CEB8-8B4A-11D0-8D11-00A0C91BC942}") = "brogameagent_gpu_layer_feedforward_dispatch_test", "tests\brogameagent_gpu_layer_feedforward_dispatch_test.vcxproj", "{AED17D8E-654B-3CF6-89E9-E3F0AD39EFFE}"
	ProjectSection(ProjectDependencies) = postProject
		{36E70E5D-E63C-3F9F-8345-6550ED8E6021} = {36E70E5D-E63C-3F9F-8345-6550ED8E6021}
		{CC457938-AF3C-3E2D-AFCD-04E0A7FED789} = {CC457938-AF3C-3E2D-AFCD-04E0A7FED789}
	EndProjectSection
EndProject
Project("{8BC9CEB8-8B4A-11D0-8D11-00A0C91BC942}") = "brogameagent_gpu_layer_layernorm_adam_dispatch_test", "tests\brogameagent_gpu_layer_layernorm_adam_dispatch_test.vcxproj", "{A9A8A42C-BB4C-39D2-9DE0-2FBB3C60CC50}"
	ProjectSection(ProjectDependencies) = postProject
		{36E70E5D-E63C-3F9F-8345-6550ED8E6021} = {36E70E5D-E63C-3F9F-8345-6550ED8E6021}
		{CC457938-AF3C-3E2D-AFCD-04E0A7FED789} = {CC457938-AF3C-3E2D-AFCD-04E0A7FED789}
	EndProjectSection
EndProject
Project("{8BC9CEB8-8B4A-11D0-8D11-00A0C91BC942}") = "brogameagent_gpu_layer_layernorm_dispatch_test", "tests\brogameagent_gpu_layer_layernorm_dispatch_test.vcxproj", "{94780CD9-49F8-393F-9CE7-5865EB05B5A1}"
	ProjectSection(ProjectDependencies) = postProject
		{36E70E5D-E63C-3F9F-8345-6550ED8E6021} = {36E70E5D-E63C-3F9F-8345-6550ED8E6021}
		{CC457938-AF3C-3E2D-AFCD-04E0A7FED789} = {CC457938-AF3C-3E2D-AFCD-04E0A7FED789}
	EndProjectSection
EndProject
Project("{8BC9CEB8-8B4A-11D0-8D11-00A0C91BC942}") = "brogameagent_gpu_layer_mha_dispatch_test", "tests\brogameagent_gpu_layer_mha_dispatch_test.vcxproj", "{8F738912-536D-3319-BEAF-BE6C48C9994E}"
	ProjectSection(ProjectDependencies) = postProject
		{36E70E5D-E63C-3F9F-8345-6550ED8E6021} = {36E70E5D-E63C-3F9F-8345-6550ED8E6021}
		{CC457938-AF3C-3E2D-AFCD-04E0A7FED789} = {CC457938-AF3C-3E2D-AFCD-04E0A7FED789}
	EndProjectSection
EndProject
Project("{8BC9CEB8-8B4A-11D0-8D11-00A0C91BC942}") = "brogameagent_gpu_layer_transformer_block_dispatch_test", "tests\brogameagent_gpu_layer_transformer_block_dispatch_test.vcxproj", "{672BB72D-4C31-3EB8-8525-C783FA3CC76D}"
	ProjectSection(ProjectDependencies) = postProject
		{36E70E5D-E63C-3F9F-8345-6550ED8E6021} = {36E70E5D-E63C-3F9F-8345-6550ED8E6021}
		{CC457938-AF3C-3E2D-AFCD-04E0A7FED789} = {CC457938-AF3C-3E2D-AFCD-04E0A7FED789}
	EndProjectSection
EndProject
Project("{8BC9CEB8-8B4A-11D0-8D11-00A0C91BC942}") = "brogameagent_gpu_layer_transformer_encoder_dispatch_test", "tests\brogameagent_gpu_layer_transformer_encoder_dispatch_test.vcxproj", "{1229852C-1B07-32F7-9369-42153368A1D6}"
	ProjectSection(ProjectDependencies) = postProject
		{36E70E5D-E63C-3F9F-8345-6550ED8E6021} = {36E70E5D-E63C-3F9F-8345-6550ED8E6021}
		{CC457938-AF3C-3E2D-AFCD-04E0A7FED789} = {CC457938-AF3C-3E2D-AFCD-04E0A7FED789}
	EndProjectSection
EndProject
Project("{8BC9CEB8-8B4A-11D0-8D11-00A0C91BC942}") = "brogameagent_gpu_layernorm_parity_test", "tests\brogameagent_gpu_layernorm_parity_test.vcxproj", "{E654F3A7-4D36-3FF9-94A7-BEF7C66BB2EE}"
	ProjectSection(ProjectDependencies) = postProject
		{36E70E5D-E63C-3F9F-8345-6550ED8E6021} = {36E70E5D-E63C-3F9F-8345-6550ED8E6021}
		{CC457938-AF3C-3E2D-AFCD-04E0A7FED789} = {CC457938-AF3C-3E2D-AFCD-04E0A7FED789}
	EndProjectSection
EndProject
Project("{8BC9CEB8-8B4A-11D0-8D11-00A0C91BC942}") = "brogameagent_gpu_linear_parity_test", "tests\brogameagent_gpu_linear_parity_test.vcxproj", "{66B0E1A4-EE79-3103-BD44-70207607529E}"
	ProjectSection(ProjectDependencies) = postProject
		{36E70E5D-E63C-3F9F-8345-6550ED8E6021} = {36E70E5D-E63C-3F9F-8345-6550ED8E6021}
		{CC457938-AF3C-3E2D-AFCD-04E0A7FED789} = {CC457938-AF3C-3E2D-AFCD-04E0A7FED789}
	EndProjectSection
EndProject
Project("{8BC9CEB8-8B4A-11D0-8D11-00A0C91BC942}") = "brogameagent_gpu_loss_parity_test", "tests\brogameagent_gpu_loss_parity_test.vcxproj", "{AD0FFE1D-C1A2-3854-8288-4F74EFD5E383}"
	ProjectSection(ProjectDependencies) = postProject
		{36E70E5D-E63C-3F9F-8345-6550ED8E6021} = {36E70E5D-E63C-3F9F-8345-6550ED8E6021}
		{CC457938-AF3C-3E2D-AFCD-04E0A7FED789} = {CC457938-AF3C-3E2D-AFCD-04E0A7FED789}
	EndProjectSection
EndProject
Project("{8BC9CEB8-8B4A-11D0-8D11-00A0C91BC942}") = "brogameagent_gpu_mha_parity_test", "tests\brogameagent_gpu_mha_parity_test.vcxproj", "{3A5771EC-31C9-3BD0-8B28-E28E16D984B2}"
	ProjectSection(ProjectDependencies) = postProject
		{36E70E5D-E63C-3F9F-8345-6550ED8E6021} = {36E70E5D-E63C-3F9F-8345-6550ED8E6021}
		{CC457938-AF3C-3E2D-AFCD-04E0A7FED789} = {CC457938-AF3C-3E2D-AFCD-04E0A7FED789}
	EndProjectSection
EndProject
Project("{8BC9CEB8-8B4A-11D0-8D11-00A0C91BC942}") = "brogameagent_gpu_optim_parity_test", "tests\brogameagent_gpu_optim_parity_test.vcxproj", "{41003E74-7F35-333C-91C0-759C15EEB568}"
	ProjectSection(ProjectDependencies) = postProject
		{36E70E5D-E63C-3F9F-8345-6550ED8E6021} = {36E70E5D-E63C-3F9F-8345-6550ED8E6021}
		{CC457938-AF3C-3E2D-AFCD-04E0A7FED789} = {CC457938-AF3C-3E2D-AFCD-04E0A7FED789}
	EndProjectSection
EndProject
Project("{8BC9CEB8-8B4A-11D0-8D11-00A0C91BC942}") = "brogameagent_gpu_reduce_parity_test", "tests\brogameagent_gpu_reduce_parity_test.vcxproj", "{35F6D632-0DE9-37AE-9E30-28B4CEB12F6F}"
	ProjectSection(ProjectDependencies) = postProject
		{36E70E5D-E63C-3F9F-8345-6550ED8E6021} = {36E70E5D-E63C-3F9F-8345-6550ED8E6021}
		{CC457938-AF3C-3E2D-AFCD-04E0A7FED789} = {CC457938-AF3C-3E2D-AFCD-04E0A7FED789}
	EndProjectSection
EndProject
Project("{8BC9CEB8-8B4A-11D0-8D11-00A0C91BC942}") = "brogameagent_gpu_single_hero_net_tx_dispatch_test", "tests\brogameagent_gpu_single_hero_net_tx_dispatch_test.vcxproj", "{E36DE025-6E7A-318C-A803-320A6DD76683}"
	ProjectSection(ProjectDependencies) = postProject
		{36E70E5D-E63C-3F9F-8345-6550ED8E6021} = {36E70E5D-E63C-3F9F-8345-6550ED8E6021}
		{CC457938-AF3C-3E2D-AFCD-04E0A7FED789} = {CC457938-AF3C-3E2D-AFCD-04E0A7FED789}
	EndProjectSection
EndProject
Project("{8BC9CEB8-8B4A-11D0-8D11-00A0C91BC942}") = "brogameagent_gpu_softmax_parity_test", "tests\brogameagent_gpu_softmax_parity_test.vcxproj", "{E1DCEED8-13AC-3507-9B8D-46D85E86D225}"
	ProjectSection(ProjectDependencies) = postProject
		{36E70E5D-E63C-3F9F-8345-6550ED8E6021} = {36E70E5D-E63C-3F9F-8345-6550ED8E6021}
		{CC457938-AF3C-3E2D-AFCD-04E0A7FED789} = {CC457938-AF3C-3E2D-AFCD-04E0A7FED789}
	EndProjectSection
EndProject
Project("{8BC9CEB8-8B4A-11D0-8D11-00A0C91BC942}") = "brogameagent_gpu_tensor_test", "tests\brogameagent_gpu_tensor_test.vcxproj", "{489D85E7-00C5-3628-B08B-C768F3B60D38}"
	ProjectSection(ProjectDependencies) = postProject
		{36E70E5D-E63C-3F9F-8345-6550ED8E6021} = {36E70E5D-E63C-3F9F-8345-6550ED8E6021}
		{CC457938-AF3C-3E2D-AFCD-04E0A7FED789} = {CC457938-AF3C-3E2D-AFCD-04E0A7FED789}
	EndProjectSection
EndProject
Project("{8BC9CEB8-8B4A-11D0-8D11-00A0C91BC942}") = "brogameagent_single_hero_net_tx_test", "tests\brogameagent_single_hero_net_tx_test.vcxproj", "{29B092C9-79B2-3DF5-A7FD-F80D127AB996}"
	ProjectSection(ProjectDependencies) = postProject
		{36E70E5D-E63C-3F9F-8345-6550ED8E6021} = {36E70E5D-E63C-3F9F-8345-6550ED8E6021}
		{CC457938-AF3C-3E2D-AFCD-04E0A7FED789} = {CC457938-AF3C-3E2D-AFCD-04E0A7FED789}
	EndProjectSection
EndProject
Project("{8BC9CEB8-8B4A-11D0-8D11-00A0C91BC942}") = "brogameagent_test", "tests\brogameagent_test.vcxproj", "{D08883C5-2DE5-3AA4-8863-F43B51DE7D23}"
	ProjectSection(ProjectDependencies) = postProject
		{36E70E5D-E63C-3F9F-8345-6550ED8E6021} = {36E70E5D-E63C-3F9F-8345-6550ED8E6021}
		{CC457938-AF3C-3E2D-AFCD-04E0A7FED789} = {CC457938-AF3C-3E2D-AFCD-04E0A7FED789}
	EndProjectSection
EndProject
Project("{8BC9CEB8-8B4A-11D0-8D11-00A0C91BC942}") = "brogameagent_transformer_test", "tests\brogameagent_transformer_test.vcxproj", "{D97C6F9A-C147-3F61-AC5A-7F2AC84305F2}"
	ProjectSection(ProjectDependencies) = postProject
		{36E70E5D-E63C-3F9F-8345-6550ED8E6021} = {36E70E5D-E63C-3F9F-8345-6550ED8E6021}
		{CC457938-AF3C-3E2D-AFCD-04E0A7FED789} = {CC457938-AF3C-3E2D-AFCD-04E0A7FED789}
	EndProjectSection
EndProject
Project("{8BC9CEB8-8B4A-11D0-8D11-00A0C91BC942}") = "example_01_hello_world", "examples\example_01_hello_world.vcxproj", "{64F881B9-FA32-3192-8BD5-C4E41DD41BF9}"
	ProjectSection(ProjectDependencies) = postProject
		{36E70E5D-E63C-3F9F-8345-6550ED8E6021} = {36E70E5D-E63C-3F9F-8345-6550ED8E6021}
		{CC457938-AF3C-3E2D-AFCD-04E0A7FED789} = {CC457938-AF3C-3E2D-AFCD-04E0A7FED789}
	EndProjectSection
EndProject
Project("{8BC9CEB8-8B4A-11D0-8D11-00A0C91BC942}") = "example_02_nav_and_combat", "examples\example_02_nav_and_combat.vcxproj", "{DEE84CC4-8CA1-310C-B1C9-72364062A137}"
	ProjectSection(ProjectDependencies) = postProject
		{36E70E5D-E63C-3F9F-8345-6550ED8E6021} = {36E70E5D-E63C-3F9F-8345-6550ED8E6021}
		{CC457938-AF3C-3E2D-AFCD-04E0A7FED789} = {CC457938-AF3C-3E2D-AFCD-04E0A7FED789}
	EndProjectSection
EndProject
Project("{8BC9CEB8-8B4A-11D0-8D11-00A0C91BC942}") = "example_03_projectiles", "examples\example_03_projectiles.vcxproj", "{E7228795-22C9-3655-8BF1-2A9B25BC7684}"
	ProjectSection(ProjectDependencies) = postProject
		{36E70E5D-E63C-3F9F-8345-6550ED8E6021} = {36E70E5D-E63C-3F9F-8345-6550ED8E6021}
		{CC457938-AF3C-3E2D-AFCD-04E0A7FED789} = {CC457938-AF3C-3E2D-AFCD-04E0A7FED789}
	EndProjectSection
EndProject
Project("{8BC9CEB8-8B4A-11D0-8D11-00A0C91BC942}") = "example_04_obs_mask_reward", "examples\example_04_obs_mask_reward.vcxproj", "{54E1F362-4600-3793-9C63-7DD19AB907D8}"
	ProjectSection(ProjectDependencies) = postProject
		{36E70E5D-E63C-3F9F-8345-6550ED8E6021} = {36E70E5D-E63C-3F9F-8345-6550ED8E6021}
		{CC457938-AF3C-3E2D-AFCD-04E0A7FED789} = {CC457938-AF3C-3E2D-AFCD-04E0A7FED789}
	EndProjectSection
EndProject
Project("{8BC9CEB8-8B4A-11D0-8D11-00A0C91BC942}") = "example_05_simulation", "examples\example_05_simulation.vcxproj", "{B0279203-B23E-3FEB-9F00-D9B404FC4FAA}"
	ProjectSection(ProjectDependencies) = postProject
		{36E70E5D-E63C-3F9F-8345-6550ED8E6021} = {36E70E5D-E63C-3F9F-8345-6550ED8E6021}
		{CC457938-AF3C-3E2D-AFCD-04E0A7FED789} = {CC457938-AF3C-3E2D-AFCD-04E0A7FED789}
	EndProjectSection
EndProject
Project("{8BC9CEB8-8B4A-11D0-8D11-00A0C91BC942}") = "example_06_snapshot_rollout", "examples\example_06_snapshot_rollout.vcxproj", "{115B2E92-BF76-32FB-A469-30BEA53536D1}"
	ProjectSection(ProjectDependencies) = postProject
		{36E70E5D-E63C-3F9F-8345-6550ED8E6021} = {36E70E5D-E63C-3F9F-8345-6550ED8E6021}
		{CC457938-AF3C-3E2D-AFCD-04E0A7FED789} = {CC457938-AF3C-3E2D-AFCD-04E0A7FED789}
	EndProjectSection
EndProject
Project("{8BC9CEB8-8B4A-11D0-8D11-00A0C91BC942}") = "example_07_mcts_duel", "examples\example_07_mcts_duel.vcxproj", "{A21A6A3F-79A6-3A2D-B651-9DDE1923F552}"
	ProjectSection(ProjectDependencies) = postProject
		{36E70E5D-E63C-3F9F-8345-6550ED8E6021} = {36E70E5D-E63C-3F9F-8345-6550ED8E6021}
		{CC457938-AF3C-3E2D-AFCD-04E0A7FED789} = {CC457938-AF3C-3E2D-AFCD-04E0A7FED789}
	EndProjectSection
EndProject
Project("{8BC9CEB8-8B4A-11D0-8D11-00A0C91BC942}") = "example_08_decoupled_1v1", "examples\example_08_decoupled_1v1.vcxproj", "{91A7C597-1599-36C9-8F15-98A5414B4E17}"
	ProjectSection(ProjectDependencies) = postProject
		{36E70E5D-E63C-3F9F-8345-6550ED8E6021} = {36E70E5D-E63C-3F9F-8345-6550ED8E6021}
		{CC457938-AF3C-3E2D-AFCD-04E0A7FED789} = {CC457938-AF3C-3E2D-AFCD-04E0A7FED789}
	EndProjectSection
EndProject
Project("{8BC9CEB8-8B4A-11D0-8D11-00A0C91BC942}") = "example_09_team_mcts", "examples\example_09_team_mcts.vcxproj", "{78663B5D-F009-3865-9296-6E3B0E3CB612}"
	ProjectSection(ProjectDependencies) = postProject
		{36E70E5D-E63C-3F9F-8345-6550ED8E6021} = {36E70E5D-E63C-3F9F-8345-6550ED8E6021}
		{CC457938-AF3C-3E2D-AFCD-04E0A7FED789} = {CC457938-AF3C-3E2D-AFCD-04E0A7FED789}
	EndProjectSection
EndProject
Project("{8BC9CEB8-8B4A-11D0-8D11-00A0C91BC942}") = "example_10_layered_planner", "examples\example_10_layered_planner.vcxproj", "{91EAE28C-21EC-3DC1-89A7-0A35514C3E77}"
	ProjectSection(ProjectDependencies) = postProject
		{36E70E5D-E63C-3F9F-8345-6550ED8E6021} = {36E70E5D-E63C-3F9F-8345-6550ED8E6021}
		{CC457938-AF3C-3E2D-AFCD-04E0A7FED789} = {CC457938-AF3C-3E2D-AFCD-04E0A7FED789}
	EndProjectSection
EndProject
Project("{8BC9CEB8-8B4A-11D0-8D11-00A0C91BC942}") = "example_11_root_parallel", "examples\example_11_root_parallel.vcxproj", "{6EA98657-8B59-3CF5-B448-6A98A7E003DC}"
	ProjectSection(ProjectDependencies) = postProject
		{36E70E5D-E63C-3F9F-8345-6550ED8E6021} = {36E70E5D-E63C-3F9F-8345-6550ED8E6021}
		{CC457938-AF3C-3E2D-AFCD-04E0A7FED789} = {CC457938-AF3C-3E2D-AFCD-04E0A7FED789}
	EndProjectSection
EndProject
Project("{8BC9CEB8-8B4A-11D0-8D11-00A0C91BC942}") = "example_12_record_and_read", "examples\example_12_record_and_read.vcxproj", "{1F23A35D-CD91-36A0-B061-DA06E154609E}"
	ProjectSection(ProjectDependencies) = postProject
		{36E70E5D-E63C-3F9F-8345-6550ED8E6021} = {36E70E5D-E63C-3F9F-8345-6550ED8E6021}
		{CC457938-AF3C-3E2D-AFCD-04E0A7FED789} = {CC457938-AF3C-3E2D-AFCD-04E0A7FED789}
	EndProjectSection
EndProject
Project("{8BC9CEB8-8B4A-11D0-8D11-00A0C91BC942}") = "example_13_capabilities_demo", "examples\example_13_capabilities_demo.vcxproj", "{84A3B034-9E8A-392C-9060-F1BFD9A7A970}"
	ProjectSection(ProjectDependencies) = postProject
		{36E70E5D-E63C-3F9F-8345-6550ED8E6021} = {36E70E5D-E63C-3F9F-8345-6550ED8E6021}
		{CC457938-AF3C-3E2D-AFCD-04E0A7FED789} = {CC457938-AF3C-3E2D-AFCD-04E0A7FED789}
	EndProjectSection
EndProject
Project("{8BC9CEB8-8B4A-11D0-8D11-00A0C91BC942}") = "example_14_fog_of_war", "examples\example_14_fog_of_war.vcxproj", "{A8BDFC8A-44D6-34F5-BC09-3A7852CAE248}"
	ProjectSection(ProjectDependencies) = postProject
		{36E70E5D-E63C-3F9F-8345-6550ED8E6021} = {36E70E5D-E63C-3F9F-8345-6550ED8E6021}
		{CC457938-AF3C-3E2D-AFCD-04E0A7FED789} = {CC457938-AF3C-3E2D-AFCD-04E0A7FED789}
	EndProjectSection
EndProject
Project("{8BC9CEB8-8B4A-11D0-8D11-00A0C91BC942}") = "example_15_grid_corridor", "examples\example_15_grid_corridor.vcxproj", "{FB6A5A56-2633-3A84-9983-867AA790C54C}"
	ProjectSection(ProjectDependencies) = postProject
		{36E70E5D-E63C-3F9F-8345-6550ED8E6021} = {36E70E5D-E63C-3F9F-8345-6550ED8E6021}
		{CC457938-AF3C-3E2D-AFCD-04E0A7FED789} = {CC457938-AF3C-3E2D-AFCD-04E0A7FED789}
	EndProjectSection
EndProject
Project("{8BC9CEB8-8B4A-11D0-8D11-00A0C91BC942}") = "mcts_bench", "mcts_bench.vcxproj", "{DDA7D573-BAED-30A4-8B71-CD529BFE9EEA}"
	ProjectSection(ProjectDependencies) = postProject
		{36E70E5D-E63C-3F9F-8345-6550ED8E6021} = {36E70E5D-E63C-3F9F-8345-6550ED8E6021}
		{CC457938-AF3C-3E2D-AFCD-04E0A7FED789} = {CC457938-AF3C-3E2D-AFCD-04E0A7FED789}
	EndProjectSection
EndProject
Project("{8BC9CEB8-8B4A-11D0-8D11-00A0C91BC942}") = "nn_check", "nn_check.vcxproj", "{68DA07DE-6F76-333D-B259-217CBC3D2210}"
	ProjectSection(ProjectDependencies) = postProject
		{36E70E5D-E63C-3F9F-8345-6550ED8E6021} = {36E70E5D-E63C-3F9F-8345-6550ED8E6021}
		{CC457938-AF3C-3E2D-AFCD-04E0A7FED789} = {CC457938-AF3C-3E2D-AFCD-04E0A7FED789}
	EndProjectSection
EndProject
Project("{8BC9CEB8-8B4A-11D0-8D11-00A0C91BC942}") = "nn_exit", "nn_exit.vcxproj", "{A50A41EE-985A-3CEF-BAD1-243D8C34A927}"
	ProjectSection(ProjectDependencies) = postProject
		{36E70E5D-E63C-3F9F-8345-6550ED8E6021} = {36E70E5D-E63C-3F9F-8345-6550ED8E6021}
		{CC457938-AF3C-3E2D-AFCD-04E0A7FED789} = {CC457938-AF3C-3E2D-AFCD-04E0A7FED789}
	EndProjectSection
EndProject
Project("{8BC9CEB8-8B4A-11D0-8D11-00A0C91BC942}") = "nn_pretrain_ae", "nn_pretrain_ae.vcxproj", "{6BCA9865-032D-397A-9093-47647F8FE305}"
	ProjectSection(ProjectDependencies) = postProject
		{36E70E5D-E63C-3F9F-8345-6550ED8E6021} = {36E70E5D-E63C-3F9F-8345-6550ED8E6021}
		{CC457938-AF3C-3E2D-AFCD-04E0A7FED789} = {CC457938-AF3C-3E2D-AFCD-04E0A7FED789}
	EndProjectSection
EndProject
Project("{8BC9CEB8-8B4A-11D0-8D11-00A0C91BC942}") = "nn_pretrain_ae_gpu", "nn_pretrain_ae_gpu.vcxproj", "{60A27490-9A65-3873-8402-FD52B7425CB7}"
	ProjectSection(ProjectDependencies) = postProject
		{36E70E5D-E63C-3F9F-8345-6550ED8E6021} = {36E70E5D-E63C-3F9F-8345-6550ED8E6021}
		{CC457938-AF3C-3E2D-AFCD-04E0A7FED789} = {CC457938-AF3C-3E2D-AFCD-04E0A7FED789}
	EndProjectSection
EndProject
Project("{8BC9CEB8-8B4A-11D0-8D11-00A0C91BC942}") = "nn_train_value", "nn_train_value.vcxproj", "{4CD62947-1039-3052-A95F-E4F760C1C384}"
	ProjectSection(ProjectDependencies) = postProject
		{36E70E5D-E63C-3F9F-8345-6550ED8E6021} = {36E70E5D-E63C-3F9F-8345-6550ED8E6021}
		{CC457938-AF3C-3E2D-AFCD-04E0A7FED789} = {CC457938-AF3C-3E2D-AFCD-04E0A7FED789}
	EndProjectSection
EndProject
Project("{8BC9CEB8-8B4A-11D0-8D11-00A0C91BC942}") = "replay_query", "replay_query.vcxproj", "{F2317228-3420-37BA-A567-2DF1C153C1DE}"
	ProjectSection(ProjectDependencies) = postProject
		{36E70E5D-E63C-3F9F-8345-6550ED8E6021} = {36E70E5D-E63C-3F9F-8345-6550ED8E6021}
		{CC457938-AF3C-3E2D-AFCD-04E0A7FED789} = {CC457938-AF3C-3E2D-AFCD-04E0A7FED789}
	EndProjectSection
EndProject
Global
	GlobalSection(SolutionConfigurationPlatforms) = preSolution
		Debug|x64 = Debug|x64
		Release|x64 = Release|x64
		MinSizeRel|x64 = MinSizeRel|x64
		RelWithDebInfo|x64 = RelWithDebInfo|x64
	EndGlobalSection
	GlobalSection(ProjectConfigurationPlatforms) = postSolution
		{592BC97D-C3BB-3507-AFBE-7B6F188AF04A}.Debug|x64.ActiveCfg = Debug|x64
		{592BC97D-C3BB-3507-AFBE-7B6F188AF04A}.Debug|x64.Build.0 = Debug|x64
		{592BC97D-C3BB-3507-AFBE-7B6F188AF04A}.Release|x64.ActiveCfg = Release|x64
		{592BC97D-C3BB-3507-AFBE-7B6F188AF04A}.Release|x64.Build.0 = Release|x64
		{592BC97D-C3BB-3507-AFBE-7B6F188AF04A}.MinSizeRel|x64.ActiveCfg = MinSizeRel|x64
		{592BC97D-C3BB-3507-AFBE-7B6F188AF04A}.MinSizeRel|x64.Build.0 = MinSizeRel|x64
		{592BC97D-C3BB-3507-AFBE-7B6F188AF04A}.RelWithDebInfo|x64.ActiveCfg = RelWithDebInfo|x64
		{592BC97D-C3BB-3507-AFBE-7B6F188AF04A}.RelWithDebInfo|x64.Build.0 = RelWithDebInfo|x64
		{B5C7CFEB-3722-3A06-99F6-8CB1F3F769FC}.Debug|x64.ActiveCfg = Debug|x64
		{B5C7CFEB-3722-3A06-99F6-8CB1F3F769FC}.Release|x64.ActiveCfg = Release|x64
		{B5C7CFEB-3722-3A06-99F6-8CB1F3F769FC}.MinSizeRel|x64.ActiveCfg = MinSizeRel|x64
		{B5C7CFEB-3722-3A06-99F6-8CB1F3F769FC}.RelWithDebInfo|x64.ActiveCfg = RelWithDebInfo|x64
		{FE958896-8C96-3FDA-94DC-43B16A67AD7F}.Debug|x64.ActiveCfg = Debug|x64
		{FE958896-8C96-3FDA-94DC-43B16A67AD7F}.Release|x64.ActiveCfg = Release|x64
		{FE958896-8C96-3FDA-94DC-43B16A67AD7F}.MinSizeRel|x64.ActiveCfg = MinSizeRel|x64
		{FE958896-8C96-3FDA-94DC-43B16A67AD7F}.RelWithDebInfo|x64.ActiveCfg = RelWithDebInfo|x64
		{36E70E5D-E63C-3F9F-8345-6550ED8E6021}.Debug|x64.ActiveCfg = Debug|x64
		{36E70E5D-E63C-3F9F-8345-6550ED8E6021}.Debug|x64.Build.0 = Debug|x64
		{36E70E5D-E63C-3F9F-8345-6550ED8E6021}.Release|x64.ActiveCfg = Release|x64
		{36E70E5D-E63C-3F9F-8345-6550ED8E6021}.Release|x64.Build.0 = Release|x64
		{36E70E5D-E63C-3F9F-8345-6550ED8E6021}.MinSizeRel|x64.ActiveCfg = MinSizeRel|x64
		{36E70E5D-E63C-3F9F-8345-6550ED8E6021}.MinSizeRel|x64.Build.0 = MinSizeRel|x64
		{36E70E5D-E63C-3F9F-8345-6550ED8E6021}.RelWithDebInfo|x64.ActiveCfg = RelWithDebInfo|x64
		{36E70E5D-E63C-3F9F-8345-6550ED8E6021}.RelWithDebInfo|x64.Build.0 = RelWithDebInfo|x64
		{CC457938-AF3C-3E2D-AFCD-04E0A7FED789}.Debug|x64.ActiveCfg = Debug|x64
		{CC457938-AF3C-3E2D-AFCD-04E0A7FED789}.Debug|x64.Build.0 = Debug|x64
		{CC457938-AF3C-3E2D-AFCD-04E0A7FED789}.Release|x64.ActiveCfg = Release|x64
		{CC457938-AF3C-3E2D-AFCD-04E0A7FED789}.Release|x64.Build.0 = Release|x64
		{CC457938-AF3C-3E2D-AFCD-04E0A7FED789}.MinSizeRel|x64.ActiveCfg = MinSizeRel|x64
		{CC457938-AF3C-3E2D-AFCD-04E0A7FED789}.MinSizeRel|x64.Build.0 = MinSizeRel|x64
		{CC457938-AF3C-3E2D-AFCD-04E0A7FED789}.RelWithDebInfo|x64.ActiveCfg = RelWithDebInfo|x64
		{CC457938-AF3C-3E2D-AFCD-04E0A7FED789}.RelWithDebInfo|x64.Build.0 = RelWithDebInfo|x64
		{1F630469-2B97-30FA-B258-4E9B91EB5267}.Debug|x64.ActiveCfg = Debug|x64
		{1F630469-2B97-30FA-B258-4E9B91EB5267}.Debug|x64.Build.0 = Debug|x64
		{1F630469-2B97-30FA-B258-4E9B91EB5267}.Release|x64.ActiveCfg = Release|x64
		{1F630469-2B97-30FA-B258-4E9B91EB5267}.Release|x64.Build.0 = Release|x64
		{1F630469-2B97-30FA-B258-4E9B91EB5267}.MinSizeRel|x64.ActiveCfg = MinSizeRel|x64
		{1F630469-2B97-30FA-B258-4E9B91EB5267}.MinSizeRel|x64.Build.0 = MinSizeRel|x64
		{1F630469-2B97-30FA-B258-4E9B91EB5267}.RelWithDebInfo|x64.ActiveCfg = RelWithDebInfo|x64
		{1F630469-2B97-30FA-B258-4E9B91EB5267}.RelWithDebInfo|x64.Build.0 = RelWithDebInfo|x64
		{9175CF2A-6C62-3602-A7ED-6D9E31674A1D}.Debug|x64.ActiveCfg = Debug|x64
		{9175CF2A-6C62-3602-A7ED-6D9E31674A1D}.Debug|x64.Build.0 = Debug|x64
		{9175CF2A-6C62-3602-A7ED-6D9E31674A1D}.Release|x64.ActiveCfg = Release|x64
		{9175CF2A-6C62-3602-A7ED-6D9E31674A1D}.Release|x64.Build.0 = Release|x64
		{9175CF2A-6C62-3602-A7ED-6D9E31674A1D}.MinSizeRel|x64.ActiveCfg = MinSizeRel|x64
		{9175CF2A-6C62-3602-A7ED-6D9E31674A1D}.MinSizeRel|x64.Build.0 = MinSizeRel|x64
		{9175CF2A-6C62-3602-A7ED-6D9E31674A1D}.RelWithDebInfo|x64.ActiveCfg = RelWithDebInfo|x64
		{9175CF2A-6C62-3602-A7ED-6D9E31674A1D}.RelWithDebInfo|x64.Build.0 = RelWithDebInfo|x64
		{F4C6D504-61CC-3666-AE8F-100F457DD80B}.Debug|x64.ActiveCfg = Debug|x64
		{F4C6D504-61CC-3666-AE8F-100F457DD80B}.Debug|x64.Build.0 = Debug|x64
		{F4C6D504-61CC-3666-AE8F-100F457DD80B}.Release|x64.ActiveCfg = Release|x64
		{F4C6D504-61CC-3666-AE8F-100F457DD80B}.Release|x64.Build.0 = Release|x64
		{F4C6D504-61CC-3666-AE8F-100F457DD80B}.MinSizeRel|x64.ActiveCfg = MinSizeRel|x64
		{F4C6D504-61CC-3666-AE8F-100F457DD80B}.MinSizeRel|x64.Build.0 = MinSizeRel|x64
		{F4C6D504-61CC-3666-AE8F-100F457DD80B}.RelWithDebInfo|x64.ActiveCfg = RelWithDebInfo|x64
		{F4C6D504-61CC-3666-AE8F-100F457DD80B}.RelWithDebInfo|x64.Build.0 = RelWithDebInfo|x64
		{360055FC-72F3-3231-B0DE-C458D2356820}.Debug|x64.ActiveCfg = Debug|x64
		{360055FC-72F3-3231-B0DE-C458D2356820}.Debug|x64.Build.0 = Debug|x64
		{360055FC-72F3-3231-B0DE-C458D2356820}.Release|x64.ActiveCfg = Release|x64
		{360055FC-72F3-3231-B0DE-C458D2356820}.Release|x64.Build.0 = Release|x64
		{360055FC-72F3-3231-B0DE-C458D2356820}.MinSizeRel|x64.ActiveCfg = MinSizeRel|x64
		{360055FC-72F3-3231-B0DE-C458D2356820}.MinSizeRel|x64.Build.0 = MinSizeRel|x64
		{360055FC-72F3-3231-B0DE-C458D2356820}.RelWithDebInfo|x64.ActiveCfg = RelWithDebInfo|x64
		{360055FC-72F3-3231-B0DE-C458D2356820}.RelWithDebInfo|x64.Build.0 = RelWithDebInfo|x64
		{14E2CE3B-C9C9-3B58-8395-82C407E3C147}.Debug|x64.ActiveCfg = Debug|x64
		{14E2CE3B-C9C9-3B58-8395-82C407E3C147}.Debug|x64.Build.0 = Debug|x64
		{14E2CE3B-C9C9-3B58-8395-82C407E3C147}.Release|x64.ActiveCfg = Release|x64
		{14E2CE3B-C9C9-3B58-8395-82C407E3C147}.Release|x64.Build.0 = Release|x64
		{14E2CE3B-C9C9-3B58-8395-82C407E3C147}.MinSizeRel|x64.ActiveCfg = MinSizeRel|x64
		{14E2CE3B-C9C9-3B58-8395-82C407E3C147}.MinSizeRel|x64.Build.0 = MinSizeRel|x64
		{14E2CE3B-C9C9-3B58-8395-82C407E3C147}.RelWithDebInfo|x64.ActiveCfg = RelWithDebInfo|x64
		{14E2CE3B-C9C9-3B58-8395-82C407E3C147}.RelWithDebInfo|x64.Build.0 = RelWithDebInfo|x64
		{B12EE40D-FBE2-3AA9-BC2F-5FD5680048FD}.Debug|x64.ActiveCfg = Debug|x64
		{B12EE40D-FBE2-3AA9-BC2F-5FD5680048FD}.Debug|x64.Build.0 = Debug|x64
		{B12EE40D-FBE2-3AA9-BC2F-5FD5680048FD}.Release|x64.ActiveCfg = Release|x64
		{B12EE40D-FBE2-3AA9-BC2F-5FD5680048FD}.Release|x64.Build.0 = Release|x64
		{B12EE40D-FBE2-3AA9-BC2F-5FD5680048FD}.MinSizeRel|x64.ActiveCfg = MinSizeRel|x64
		{B12EE40D-FBE2-3AA9-BC2F-5FD5680048FD}.MinSizeRel|x64.Build.0 = MinSizeRel|x64
		{B12EE40D-FBE2-3AA9-BC2F-5FD5680048FD}.RelWithDebInfo|x64.ActiveCfg = RelWithDebInfo|x64
		{B12EE40D-FBE2-3AA9-BC2F-5FD5680048FD}.RelWithDebInfo|x64.Build.0 = RelWithDebInfo|x64
		{354B7DDA-81B4-3EDE-9E93-DE7ECE1D2B56}.Debug|x64.ActiveCfg = Debug|x64
		{354B7DDA-81B4-3EDE-9E93-DE7ECE1D2B56}.Debug|x64.Build.0 = Debug|x64
		{354B7DDA-81B4-3EDE-9E93-DE7ECE1D2B56}.Release|x64.ActiveCfg = Release|x64
		{354B7DDA-81B4-3EDE-9E93-DE7ECE1D2B56}.Release|x64.Build.0 = Release|x64
		{354B7DDA-81B4-3EDE-9E93-DE7ECE1D2B56}.MinSizeRel|x64.ActiveCfg = MinSizeRel|x64
		{354B7DDA-81B4-3EDE-9E93-DE7ECE1D2B56}.MinSizeRel|x64.Build.0 = MinSizeRel|x64
		{354B7DDA-81B4-3EDE-9E93-DE7ECE1D2B56}.RelWithDebInfo|x64.ActiveCfg = RelWithDebInfo|x64
		{354B7DDA-81B4-3EDE-9E93-DE7ECE1D2B56}.RelWithDebInfo|x64.Build.0 = RelWithDebInfo|x64
		{AEF97AE7-B1E2-3805-A66E-2A7FA12D4B31}.Debug|x64.ActiveCfg = Debug|x64
		{AEF97AE7-B1E2-3805-A66E-2A7FA12D4B31}.Debug|x64.Build.0 = Debug|x64
		{AEF97AE7-B1E2-3805-A66E-2A7FA12D4B31}.Release|x64.ActiveCfg = Release|x64
		{AEF97AE7-B1E2-3805-A66E-2A7FA12D4B31}.Release|x64.Build.0 = Release|x64
		{AEF97AE7-B1E2-3805-A66E-2A7FA12D4B31}.MinSizeRel|x64.ActiveCfg = MinSizeRel|x64
		{AEF97AE7-B1E2-3805-A66E-2A7FA12D4B31}.MinSizeRel|x64.Build.0 = MinSizeRel|x64
		{AEF97AE7-B1E2-3805-A66E-2A7FA12D4B31}.RelWithDebInfo|x64.ActiveCfg = RelWithDebInfo|x64
		{AEF97AE7-B1E2-3805-A66E-2A7FA12D4B31}.RelWithDebInfo|x64.Build.0 = RelWithDebInfo|x64
		{AED17D8E-654B-3CF6-89E9-E3F0AD39EFFE}.Debug|x64.ActiveCfg = Debug|x64
		{AED17D8E-654B-3CF6-89E9-E3F0AD39EFFE}.Debug|x64.Build.0 = Debug|x64
		{AED17D8E-654B-3CF6-89E9-E3F0AD39EFFE}.Release|x64.ActiveCfg = Release|x64
		{AED17D8E-654B-3CF6-89E9-E3F0AD39EFFE}.Release|x64.Build.0 = Release|x64
		{AED17D8E-654B-3CF6-89E9-E3F0AD39EFFE}.MinSizeRel|x64.ActiveCfg = MinSizeRel|x64
		{AED17D8E-654B-3CF6-89E9-E3F0AD39EFFE}.MinSizeRel|x64.Build.0 = MinSizeRel|x64
		{AED17D8E-654B-3CF6-89E9-E3F0AD39EFFE}.RelWithDebInfo|x64.ActiveCfg = RelWithDebInfo|x64
		{AED17D8E-654B-3CF6-89E9-E3F0AD39EFFE}.RelWithDebInfo|x64.Build.0 = RelWithDebInfo|x64
		{A9A8A42C-BB4C-39D2-9DE0-2FBB3C60CC50}.Debug|x64.ActiveCfg = Debug|x64
		{A9A8A42C-BB4C-39D2-9DE0-2FBB3C60CC50}.Debug|x64.Build.0 = Debug|x64
		{A9A8A42C-BB4C-39D2-9DE0-2FBB3C60CC50}.Release|x64.ActiveCfg = Release|x64
		{A9A8A42C-BB4C-39D2-9DE0-2FBB3C60CC50}.Release|x64.Build.0 = Release|x64
		{A9A8A42C-BB4C-39D2-9DE0-2FBB3C60CC50}.MinSizeRel|x64.ActiveCfg = MinSizeRel|x64
		{A9A8A42C-BB4C-39D2-9DE0-2FBB3C60CC50}.MinSizeRel|x64.Build.0 = MinSizeRel|x64
		{A9A8A42C-BB4C-39D2-9DE0-2FBB3C60CC50}.RelWithDebInfo|x64.ActiveCfg = RelWithDebInfo|x64
		{A9A8A42C-BB4C-39D2-9DE0-2FBB3C60CC50}.RelWithDebInfo|x64.Build.0 = RelWithDebInfo|x64
		{94780CD9-49F8-393F-9CE7-5865EB05B5A1}.Debug|x64.ActiveCfg = Debug|x64
		{94780CD9-49F8-393F-9CE7-5865EB05B5A1}.Debug|x64.Build.0 = Debug|x64
		{94780CD9-49F8-393F-9CE7-5865EB05B5A1}.Release|x64.ActiveCfg = Release|x64
		{94780CD9-49F8-393F-9CE7-5865EB05B5A1}.Release|x64.Build.0 = Release|x64
		{94780CD9-49F8-393F-9CE7-5865EB05B5A1}.MinSizeRel|x64.ActiveCfg = MinSizeRel|x64
		{94780CD9-49F8-393F-9CE7-5865EB05B5A1}.MinSizeRel|x64.Build.0 = MinSizeRel|x64
		{94780CD9-49F8-393F-9CE7-5865EB05B5A1}.RelWithDebInfo|x64.ActiveCfg = RelWithDebInfo|x64
		{94780CD9-49F8-393F-9CE7-5865EB05B5A1}.RelWithDebInfo|x64.Build.0 = RelWithDebInfo|x64
		{8F738912-536D-3319-BEAF-BE6C48C9994E}.Debug|x64.ActiveCfg = Debug|x64
		{8F738912-536D-3319-BEAF-BE6C48C9994E}.Debug|x64.Build.0 = Debug|x64
		{8F738912-536D-3319-BEAF-BE6C48C9994E}.Release|x64.ActiveCfg = Release|x64
		{8F738912-536D-3319-BEAF-BE6C48C9994E}.Release|x64.Build.0 = Release|x64
		{8F738912-536D-3319-BEAF-BE6C48C9994E}.MinSizeRel|x64.ActiveCfg = MinSizeRel|x64
		{8F738912-536D-3319-BEAF-BE6C48C9994E}.MinSizeRel|x64.Build.0 = MinSizeRel|x64
		{8F738912-536D-3319-BEAF-BE6C48C9994E}.RelWithDebInfo|x64.ActiveCfg = RelWithDebInfo|x64
		{8F738912-536D-3319-BEAF-BE6C48C9994E}.RelWithDebInfo|x64.Build.0 = RelWithDebInfo|x64
		{672BB72D-4C31-3EB8-8525-C783FA3CC76D}.Debug|x64.ActiveCfg = Debug|x64
		{672BB72D-4C31-3EB8-8525-C783FA3CC76D}.Debug|x64.Build.0 = Debug|x64
		{672BB72D-4C31-3EB8-8525-C783FA3CC76D}.Release|x64.ActiveCfg = Release|x64
		{672BB72D-4C31-3EB8-8525-C783FA3CC76D}.Release|x64.Build.0 = Release|x64
		{672BB72D-4C31-3EB8-8525-C783FA3CC76D}.MinSizeRel|x64.ActiveCfg = MinSizeRel|x64
		{672BB72D-4C31-3EB8-8525-C783FA3CC76D}.MinSizeRel|x64.Build.0 = MinSizeRel|x64
		{672BB72D-4C31-3EB8-8525-C783FA3CC76D}.RelWithDebInfo|x64.ActiveCfg = RelWithDebInfo|x64
		{672BB72D-4C31-3EB8-8525-C783FA3CC76D}.RelWithDebInfo|x64.Build.0 = RelWithDebInfo|x64
		{1229852C-1B07-32F7-9369-42153368A1D6}.Debug|x64.ActiveCfg = Debug|x64
		{1229852C-1B07-32F7-9369-42153368A1D6}.Debug|x64.Build.0 = Debug|x64
		{1229852C-1B07-32F7-9369-42153368A1D6}.Release|x64.ActiveCfg = Release|x64
		{1229852C-1B07-32F7-9369-42153368A1D6}.Release|x64.Build.0 = Release|x64
		{1229852C-1B07-32F7-9369-42153368A1D6}.MinSizeRel|x64.ActiveCfg = MinSizeRel|x64
		{1229852C-1B07-32F7-9369-42153368A1D6}.MinSizeRel|x64.Build.0 = MinSizeRel|x64
		{1229852C-1B07-32F7-9369-42153368A1D6}.RelWithDebInfo|x64.ActiveCfg = RelWithDebInfo|x64
		{1229852C-1B07-32F7-9369-42153368A1D6}.RelWithDebInfo|x64.Build.0 = RelWithDebInfo|x64
		{E654F3A7-4D36-3FF9-94A7-BEF7C66BB2EE}.Debug|x64.ActiveCfg = Debug|x64
		{E654F3A7-4D36-3FF9-94A7-BEF7C66BB2EE}.Debug|x64.Build.0 = Debug|x64
		{E654F3A7-4D36-3FF9-94A7-BEF7C66BB2EE}.Release|x64.ActiveCfg = Release|x64
		{E654F3A7-4D36-3FF9-94A7-BEF7C66BB2EE}.Release|x64.Build.0 = Release|x64
		{E654F3A7-4D36-3FF9-94A7-BEF7C66BB2EE}.MinSizeRel|x64.ActiveCfg = MinSizeRel|x64
		{E654F3A7-4D36-3FF9-94A7-BEF7C66BB2EE}.MinSizeRel|x64.Build.0 = MinSizeRel|x64
		{E654F3A7-4D36-3FF9-94A7-BEF7C66BB2EE}.RelWithDebInfo|x64.ActiveCfg = RelWithDebInfo|x64
		{E654F3A7-4D36-3FF9-94A7-BEF7C66BB2EE}.RelWithDebInfo|x64.Build.0 = RelWithDebInfo|x64
		{66B0E1A4-EE79-3103-BD44-70207607529E}.Debug|x64.ActiveCfg = Debug|x64
		{66B0E1A4-EE79-3103-BD44-70207607529E}.Debug|x64.Build.0 = Debug|x64
		{66B0E1A4-EE79-3103-BD44-70207607529E}.Release|x64.ActiveCfg = Release|x64
		{66B0E1A4-EE79-3103-BD44-70207607529E}.Release|x64.Build.0 = Release|x64
		{66B0E1A4-EE79-3103-BD44-70207607529E}.MinSizeRel|x64.ActiveCfg = MinSizeRel|x64
		{66B0E1A4-EE79-3103-BD44-70207607529E}.MinSizeRel|x64.Build.0 = MinSizeRel|x64
		{66B0E1A4-EE79-3103-BD44-70207607529E}.RelWithDebInfo|x64.ActiveCfg = RelWithDebInfo|x64
		{66B0E1A4-EE79-3103-BD44-70207607529E}.RelWithDebInfo|x64.Build.0 = RelWithDebInfo|x64
		{AD0FFE1D-C1A2-3854-8288-4F74EFD5E383}.Debug|x64.ActiveCfg = Debug|x64
		{AD0FFE1D-C1A2-3854-8288-4F74EFD5E383}.Debug|x64.Build.0 = Debug|x64
		{AD0FFE1D-C1A2-3854-8288-4F74EFD5E383}.Release|x64.ActiveCfg = Release|x64
		{AD0FFE1D-C1A2-3854-8288-4F74EFD5E383}.Release|x64.Build.0 = Release|x64
		{AD0FFE1D-C1A2-3854-8288-4F74EFD5E383}.MinSizeRel|x64.ActiveCfg = MinSizeRel|x64
		{AD0FFE1D-C1A2-3854-8288-4F74EFD5E383}.MinSizeRel|x64.Build.0 = MinSizeRel|x64
		{AD0FFE1D-C1A2-3854-8288-4F74EFD5E383}.RelWithDebInfo|x64.ActiveCfg = RelWithDebInfo|x64
		{AD0FFE1D-C1A2-3854-8288-4F74EFD5E383}.RelWithDebInfo|x64.Build.0 = RelWithDebInfo|x64
		{3A5771EC-31C9-3BD0-8B28-E28E16D984B2}.Debug|x64.ActiveCfg = Debug|x64
		{3A5771EC-31C9-3BD0-8B28-E28E16D984B2}.Debug|x64.Build.0 = Debug|x64
		{3A5771EC-31C9-3BD0-8B28-E28E16D984B2}.Release|x64.ActiveCfg = Release|x64
		{3A5771EC-31C9-3BD0-8B28-E28E16D984B2}.Release|x64.Build.0 = Release|x64
		{3A5771EC-31C9-3BD0-8B28-E28E16D984B2}.MinSizeRel|x64.ActiveCfg = MinSizeRel|x64
		{3A5771EC-31C9-3BD0-8B28-E28E16D984B2}.MinSizeRel|x64.Build.0 = MinSizeRel|x64
		{3A5771EC-31C9-3BD0-8B28-E28E16D984B2}.RelWithDebInfo|x64.ActiveCfg = RelWithDebInfo|x64
		{3A5771EC-31C9-3BD0-8B28-E28E16D984B2}.RelWithDebInfo|x64.Build.0 = RelWithDebInfo|x64
		{41003E74-7F35-333C-91C0-759C15EEB568}.Debug|x64.ActiveCfg = Debug|x64
		{41003E74-7F35-333C-91C0-759C15EEB568}.Debug|x64.Build.0 = Debug|x64
		{41003E74-7F35-333C-91C0-759C15EEB568}.Release|x64.ActiveCfg = Release|x64
		{41003E74-7F35-333C-91C0-759C15EEB568}.Release|x64.Build.0 = Release|x64
		{41003E74-7F35-333C-91C0-759C15EEB568}.MinSizeRel|x64.ActiveCfg = MinSizeRel|x64
		{41003E74-7F35-333C-91C0-759C15EEB568}.MinSizeRel|x64.Build.0 = MinSizeRel|x64
		{41003E74-7F35-333C-91C0-759C15EEB568}.RelWithDebInfo|x64.ActiveCfg = RelWithDebInfo|x64
		{41003E74-7F35-333C-91C0-759C15EEB568}.RelWithDebInfo|x64.Build.0 = RelWithDebInfo|x64
		{35F6D632-0DE9-37AE-9E30-28B4CEB12F6F}.Debug|x64.ActiveCfg = Debug|x64
		{35F6D632-0DE9-37AE-9E30-28B4CEB12F6F}.Debug|x64.Build.0 = Debug|x64
		{35F6D632-0DE9-37AE-9E30-28B4CEB12F6F}.Release|x64.ActiveCfg = Release|x64
		{35F6D632-0DE9-37AE-9E30-28B4CEB12F6F}.Release|x64.Build.0 = Release|x64
		{35F6D632-0DE9-37AE-9E30-28B4CEB12F6F}.MinSizeRel|x64.ActiveCfg = MinSizeRel|x64
		{35F6D632-0DE9-37AE-9E30-28B4CEB12F6F}.MinSizeRel|x64.Build.0 = MinSizeRel|x64
		{35F6D632-0DE9-37AE-9E30-28B4CEB12F6F}.RelWithDebInfo|x64.ActiveCfg = RelWithDebInfo|x64
		{35F6D632-0DE9-37AE-9E30-28B4CEB12F6F}.RelWithDebInfo|x64.Build.0 = RelWithDebInfo|x64
		{E36DE025-6E7A-318C-A803-320A6DD76683}.Debug|x64.ActiveCfg = Debug|x64
		{E36DE025-6E7A-318C-A803-320A6DD76683}.Debug|x64.Build.0 = Debug|x64
		{E36DE025-6E7A-318C-A803-320A6DD76683}.Release|x64.ActiveCfg = Release|x64
		{E36DE025-6E7A-318C-A803-320A6DD76683}.Release|x64.Build.0 = Release|x64
		{E36DE025-6E7A-318C-A803-320A6DD76683}.MinSizeRel|x64.ActiveCfg = MinSizeRel|x64
		{E36DE025-6E7A-318C-A803-320A6DD76683}.MinSizeRel|x64.Build.0 = MinSizeRel|x64
		{E36DE025-6E7A-318C-A803-320A6DD76683}.RelWithDebInfo|x64.ActiveCfg = RelWithDebInfo|x64
		{E36DE025-6E7A-318C-A803-320A6DD76683}.RelWithDebInfo|x64.Build.0 = RelWithDebInfo|x64
		{E1DCEED8-13AC-3507-9B8D-46D85E86D225}.Debug|x64.ActiveCfg = Debug|x64
		{E1DCEED8-13AC-3507-9B8D-46D85E86D225}.Debug|x64.Build.0 = Debug|x64
		{E1DCEED8-13AC-3507-9B8D-46D85E86D225}.Release|x64.ActiveCfg = Release|x64
		{E1DCEED8-13AC-3507-9B8D-46D85E86D225}.Release|x64.Build.0 = Release|x64
		{E1DCEED8-13AC-3507-9B8D-46D85E86D225}.MinSizeRel|x64.ActiveCfg = MinSizeRel|x64
		{E1DCEED8-13AC-3507-9B8D-46D85E86D225}.MinSizeRel|x64.Build.0 = MinSizeRel|x64
		{E1DCEED8-13AC-3507-9B8D-46D85E86D225}.RelWithDebInfo|x64.ActiveCfg = RelWithDebInfo|x64
		{E1DCEED8-13AC-3507-9B8D-46D85E86D225}.RelWithDebInfo|x64.Build.0 = RelWithDebInfo|x64
		{489D85E7-00C5-3628-B08B-C768F3B60D38}.Debug|x64.ActiveCfg = Debug|x64
		{489D85E7-00C5-3628-B08B-C768F3B60D38}.Debug|x64.Build.0 = Debug|x64
		{489D85E7-00C5-3628-B08B-C768F3B60D38}.Release|x64.ActiveCfg = Release|x64
		{489D85E7-00C5-3628-B08B-C768F3B60D38}.Release|x64.Build.0 = Release|x64
		{489D85E7-00C5-3628-B08B-C768F3B60D38}.MinSizeRel|x64.ActiveCfg = MinSizeRel|x64
		{489D85E7-00C5-3628-B08B-C768F3B60D38}.MinSizeRel|x64.Build.0 = MinSizeRel|x64
		{489D85E7-00C5-3628-B08B-C768F3B60D38}.RelWithDebInfo|x64.ActiveCfg = RelWithDebInfo|x64
		{489D85E7-00C5-3628-B08B-C768F3B60D38}.RelWithDebInfo|x64.Build.0 = RelWithDebInfo|x64
		{29B092C9-79B2-3DF5-A7FD-F80D127AB996}.Debug|x64.ActiveCfg = Debug|x64
		{29B092C9-79B2-3DF5-A7FD-F80D127AB996}.Debug|x64.Build.0 = Debug|x64
		{29B092C9-79B2-3DF5-A7FD-F80D127AB996}.Release|x64.ActiveCfg = Release|x64
		{29B092C9-79B2-3DF5-A7FD-F80D127AB996}.Release|x64.Build.0 = Release|x64
		{29B092C9-79B2-3DF5-A7FD-F80D127AB996}.MinSizeRel|x64.ActiveCfg = MinSizeRel|x64
		{29B092C9-79B2-3DF5-A7FD-F80D127AB996}.MinSizeRel|x64.Build.0 = MinSizeRel|x64
		{29B092C9-79B2-3DF5-A7FD-F80D127AB996}.RelWithDebInfo|x64.ActiveCfg = RelWithDebInfo|x64
		{29B092C9-79B2-3DF5-A7FD-F80D127AB996}.RelWithDebInfo|x64.Build.0 = RelWithDebInfo|x64
		{D08883C5-2DE5-3AA4-8863-F43B51DE7D23}.Debug|x64.ActiveCfg = Debug|x64
		{D08883C5-2DE5-3AA4-8863-F43B51DE7D23}.Debug|x64.Build.0 = Debug|x64
		{D08883C5-2DE5-3AA4-8863-F43B51DE7D23}.Release|x64.ActiveCfg = Release|x64
		{D08883C5-2DE5-3AA4-8863-F43B51DE7D23}.Release|x64.Build.0 = Release|x64
		{D08883C5-2DE5-3AA4-8863-F43B51DE7D23}.MinSizeRel|x64.ActiveCfg = MinSizeRel|x64
		{D08883C5-2DE5-3AA4-8863-F43B51DE7D23}.MinSizeRel|x64.Build.0 = MinSizeRel|x64
		{D08883C5-2DE5-3AA4-8863-F43B51DE7D23}.RelWithDebInfo|x64.ActiveCfg = RelWithDebInfo|x64
		{D08883C5-2DE5-3AA4-8863-F43B51DE7D23}.RelWithDebInfo|x64.Build.0 = RelWithDebInfo|x64
		{D97C6F9A-C147-3F61-AC5A-7F2AC84305F2}.Debug|x64.ActiveCfg = Debug|x64
		{D97C6F9A-C147-3F61-AC5A-7F2AC84305F2}.Debug|x64.Build.0 = Debug|x64
		{D97C6F9A-C147-3F61-AC5A-7F2AC84305F2}.Release|x64.ActiveCfg = Release|x64
		{D97C6F9A-C147-3F61-AC5A-7F2AC84305F2}.Release|x64.Build.0 = Release|x64
		{D97C6F9A-C147-3F61-AC5A-7F2AC84305F2}.MinSizeRel|x64.ActiveCfg = MinSizeRel|x64
		{D97C6F9A-C147-3F61-AC5A-7F2AC84305F2}.MinSizeRel|x64.Build.0 = MinSizeRel|x64
		{D97C6F9A-C147-3F61-AC5A-7F2AC84305F2}.RelWithDebInfo|x64.ActiveCfg = RelWithDebInfo|x64
		{D97C6F9A-C147-3F61-AC5A-7F2AC84305F2}.RelWithDebInfo|x64.Build.0 = RelWithDebInfo|x64
		{64F881B9-FA32-3192-8BD5-C4E41DD41BF9}.Debug|x64.ActiveCfg = Debug|x64
		{64F881B9-FA32-3192-8BD5-C4E41DD41BF9}.Debug|x64.Build.0 = Debug|x64
		{64F881B9-FA32-3192-8BD5-C4E41DD41BF9}.Release|x64.ActiveCfg = Release|x64
		{64F881B9-FA32-3192-8BD5-C4E41DD41BF9}.Release|x64.Build.0 = Release|x64
		{64F881B9-FA32-3192-8BD5-C4E41DD41BF9}.MinSizeRel|x64.ActiveCfg = MinSizeRel|x64
		{64F881B9-FA32-3192-8BD5-C4E41DD41BF9}.MinSizeRel|x64.Build.0 = MinSizeRel|x64
		{64F881B9-FA32-3192-8BD5-C4E41DD41BF9}.RelWithDebInfo|x64.ActiveCfg = RelWithDebInfo|x64
		{64F881B9-FA32-3192-8BD5-C4E41DD41BF9}.RelWithDebInfo|x64.Build.0 = RelWithDebInfo|x64
		{DEE84CC4-8CA1-310C-B1C9-72364062A137}.Debug|x64.ActiveCfg = Debug|x64
		{DEE84CC4-8CA1-310C-B1C9-72364062A137}.Debug|x64.Build.0 = Debug|x64
		{DEE84CC4-8CA1-310C-B1C9-72364062A137}.Release|x64.ActiveCfg = Release|x64
		{DEE84CC4-8CA1-310C-B1C9-72364062A137}.Release|x64.Build.0 = Release|x64
		{DEE84CC4-8CA1-310C-B1C9-72364062A137}.MinSizeRel|x64.ActiveCfg = MinSizeRel|x64
		{DEE84CC4-8CA1-310C-B1C9-72364062A137}.MinSizeRel|x64.Build.0 = MinSizeRel|x64
		{DEE84CC4-8CA1-310C-B1C9-72364062A137}.RelWithDebInfo|x64.ActiveCfg = RelWithDebInfo|x64
		{DEE84CC4-8CA1-310C-B1C9-72364062A137}.RelWithDebInfo|x64.Build.0 = RelWithDebInfo|x64
		{E7228795-22C9-3655-8BF1-2A9B25BC7684}.Debug|x64.ActiveCfg = Debug|x64
		{E7228795-22C9-3655-8BF1-2A9B25BC7684}.Debug|x64.Build.0 = Debug|x64
		{E7228795-22C9-3655-8BF1-2A9B25BC7684}.Release|x64.ActiveCfg = Release|x64
		{E7228795-22C9-3655-8BF1-2A9B25BC7684}.Release|x64.Build.0 = Release|x64
		{E7228795-22C9-3655-8BF1-2A9B25BC7684}.MinSizeRel|x64.ActiveCfg = MinSizeRel|x64
		{E7228795-22C9-3655-8BF1-2A9B25BC7684}.MinSizeRel|x64.Build.0 = MinSizeRel|x64
		{E7228795-22C9-3655-8BF1-2A9B25BC7684}.RelWithDebInfo|x64.ActiveCfg = RelWithDebInfo|x64
		{E7228795-22C9-3655-8BF1-2A9B25BC7684}.RelWithDebInfo|x64.Build.0 = RelWithDebInfo|x64
		{54E1F362-4600-3793-9C63-7DD19AB907D8}.Debug|x64.ActiveCfg = Debug|x64
		{54E1F362-4600-3793-9C63-7DD19AB907D8}.Debug|x64.Build.0 = Debug|x64
		{54E1F362-4600-3793-9C63-7DD19AB907D8}.Release|x64.ActiveCfg = Release|x64
		{54E1F362-4600-3793-9C63-7DD19AB907D8}.Release|x64.Build.0 = Release|x64
		{54E1F362-4600-3793-9C63-7DD19AB907D8}.MinSizeRel|x64.ActiveCfg = MinSizeRel|x64
		{54E1F362-4600-3793-9C63-7DD19AB907D8}.MinSizeRel|x64.Build.0 = MinSizeRel|x64
		{54E1F362-4600-3793-9C63-7DD19AB907D8}.RelWithDebInfo|x64.ActiveCfg = RelWithDebInfo|x64
		{54E1F362-4600-3793-9C63-7DD19AB907D8}.RelWithDebInfo|x64.Build.0 = RelWithDebInfo|x64
		{B0279203-B23E-3FEB-9F00-D9B404FC4FAA}.Debug|x64.ActiveCfg = Debug|x64
		{B0279203-B23E-3FEB-9F00-D9B404FC4FAA}.Debug|x64.Build.0 = Debug|x64
		{B0279203-B23E-3FEB-9F00-D9B404FC4FAA}.Release|x64.ActiveCfg = Release|x64
		{B0279203-B23E-3FEB-9F00-D9B404FC4FAA}.Release|x64.Build.0 = Release|x64
		{B0279203-B23E-3FEB-9F00-D9B404FC4FAA}.MinSizeRel|x64.ActiveCfg = MinSizeRel|x64
		{B0279203-B23E-3FEB-9F00-D9B404FC4FAA}.MinSizeRel|x64.Build.0 = MinSizeRel|x64
		{B0279203-B23E-3FEB-9F00-D9B404FC4FAA}.RelWithDebInfo|x64.ActiveCfg = RelWithDebInfo|x64
		{B0279203-B23E-3FEB-9F00-D9B404FC4FAA}.RelWithDebInfo|x64.Build.0 = RelWithDebInfo|x64
		{115B2E92-BF76-32FB-A469-30BEA53536D1}.Debug|x64.ActiveCfg = Debug|x64
		{115B2E92-BF76-32FB-A469-30BEA53536D1}.Debug|x64.Build.0 = Debug|x64
		{115B2E92-BF76-32FB-A469-30BEA53536D1}.Release|x64.ActiveCfg = Release|x64
		{115B2E92-BF76-32FB-A469-30BEA53536D1}.Release|x64.Build.0 = Release|x64
		{115B2E92-BF76-32FB-A469-30BEA53536D1}.MinSizeRel|x64.ActiveCfg = MinSizeRel|x64
		{115B2E92-BF76-32FB-A469-30BEA53536D1}.MinSizeRel|x64.Build.0 = MinSizeRel|x64
		{115B2E92-BF76-32FB-A469-30BEA53536D1}.RelWithDebInfo|x64.ActiveCfg = RelWithDebInfo|x64
		{115B2E92-BF76-32FB-A469-30BEA53536D1}.RelWithDebInfo|x64.Build.0 = RelWithDebInfo|x64
		{A21A6A3F-79A6-3A2D-B651-9DDE1923F552}.Debug|x64.ActiveCfg = Debug|x64
		{A21A6A3F-79A6-3A2D-B651-9DDE1923F552}.Debug|x64.Build.0 = Debug|x64
		{A21A6A3F-79A6-3A2D-B651-9DDE1923F552}.Release|x64.ActiveCfg = Release|x64
		{A21A6A3F-79A6-3A2D-B651-9DDE1923F552}.Release|x64.Build.0 = Release|x64
		{A21A6A3F-79A6-3A2D-B651-9DDE1923F552}.MinSizeRel|x64.ActiveCfg = MinSizeRel|x64
		{A21A6A3F-79A6-3A2D-B651-9DDE1923F552}.MinSizeRel|x64.Build.0 = MinSizeRel|x64
		{A21A6A3F-79A6-3A2D-B651-9DDE1923F552}.RelWithDebInfo|x64.ActiveCfg = RelWithDebInfo|x64
		{A21A6A3F-79A6-3A2D-B651-9DDE1923F552}.RelWithDebInfo|x64.Build.0 = RelWithDebInfo|x64
		{91A7C597-1599-36C9-8F15-98A5414B4E17}.Debug|x64.ActiveCfg = Debug|x64
		{91A7C597-1599-36C9-8F15-98A5414B4E17}.Debug|x64.Build.0 = Debug|x64
		{91A7C597-1599-36C9-8F15-98A5414B4E17}.Release|x64.ActiveCfg = Release|x64
		{91A7C597-1599-36C9-8F15-98A5414B4E17}.Release|x64.Build.0 = Release|x64
		{91A7C597-1599-36C9-8F15-98A5414B4E17}.MinSizeRel|x64.ActiveCfg = MinSizeRel|x64
		{91A7C597-1599-36C9-8F15-98A5414B4E17}.MinSizeRel|x64.Build.0 = MinSizeRel|x64
		{91A7C597-1599-36C9-8F15-98A5414B4E17}.RelWithDebInfo|x64.ActiveCfg = RelWithDebInfo|x64
		{91A7C597-1599-36C9-8F15-98A5414B4E17}.RelWithDebInfo|x64.Build.0 = RelWithDebInfo|x64
		{78663B5D-F009-3865-9296-6E3B0E3CB612}.Debug|x64.ActiveCfg = Debug|x64
		{78663B5D-F009-3865-9296-6E3B0E3CB612}.Debug|x64.Build.0 = Debug|x64
		{78663B5D-F009-3865-9296-6E3B0E3CB612}.Release|x64.ActiveCfg = Release|x64
		{78663B5D-F009-3865-9296-6E3B0E3CB612}.Release|x64.Build.0 = Release|x64
		{78663B5D-F009-3865-9296-6E3B0E3CB612}.MinSizeRel|x64.ActiveCfg = MinSizeRel|x64
		{78663B5D-F009-3865-9296-6E3B0E3CB612}.MinSizeRel|x64.Build.0 = MinSizeRel|x64
		{78663B5D-F009-3865-9296-6E3B0E3CB612}.RelWithDebInfo|x64.ActiveCfg = RelWithDebInfo|x64
		{78663B5D-F009-3865-9296-6E3B0E3CB612}.RelWithDebInfo|x64.Build.0 = RelWithDebInfo|x64
		{91EAE28C-21EC-3DC1-89A7-0A35514C3E77}.Debug|x64.ActiveCfg = Debug|x64
		{91EAE28C-21EC-3DC1-89A7-0A35514C3E77}.Debug|x64.Build.0 = Debug|x64
		{91EAE28C-21EC-3DC1-89A7-0A35514C3E77}.Release|x64.ActiveCfg = Release|x64
		{91EAE28C-21EC-3DC1-89A7-0A35514C3E77}.Release|x64.Build.0 = Release|x64
		{91EAE28C-21EC-3DC1-89A7-0A35514C3E77}.MinSizeRel|x64.ActiveCfg = MinSizeRel|x64
		{91EAE28C-21EC-3DC1-89A7-0A35514C3E77}.MinSizeRel|x64.Build.0 = MinSizeRel|x64
		{91EAE28C-21EC-3DC1-89A7-0A35514C3E77}.RelWithDebInfo|x64.ActiveCfg = RelWithDebInfo|x64
		{91EAE28C-21EC-3DC1-89A7-0A35514C3E77}.RelWithDebInfo|x64.Build.0 = RelWithDebInfo|x64
		{6EA98657-8B59-3CF5-B448-6A98A7E003DC}.Debug|x64.ActiveCfg = Debug|x64
		{6EA98657-8B59-3CF5-B448-6A98A7E003DC}.Debug|x64.Build.0 = Debug|x64
		{6EA98657-8B59-3CF5-B448-6A98A7E003DC}.Release|x64.ActiveCfg = Release|x64
		{6EA98657-8B59-3CF5-B448-6A98A7E003DC}.Release|x64.Build.0 = Release|x64
		{6EA98657-8B59-3CF5-B448-6A98A7E003DC}.MinSizeRel|x64.ActiveCfg = MinSizeRel|x64
		{6EA98657-8B59-3CF5-B448-6A98A7E003DC}.MinSizeRel|x64.Build.0 = MinSizeRel|x64
		{6EA98657-8B59-3CF5-B448-6A98A7E003DC}.RelWithDebInfo|x64.ActiveCfg = RelWithDebInfo|x64
		{6EA98657-8B59-3CF5-B448-6A98A7E003DC}.RelWithDebInfo|x64.Build.0 = RelWithDebInfo|x64
		{1F23A35D-CD91-36A0-B061-DA06E154609E}.Debug|x64.ActiveCfg = Debug|x64
		{1F23A35D-CD91-36A0-B061-DA06E154609E}.Debug|x64.Build.0 = Debug|x64
		{1F23A35D-CD91-36A0-B061-DA06E154609E}.Release|x64.ActiveCfg = Release|x64
		{1F23A35D-CD91-36A0-B061-DA06E154609E}.Release|x64.Build.0 = Release|x64
		{1F23A35D-CD91-36A0-B061-DA06E154609E}.MinSizeRel|x64.ActiveCfg = MinSizeRel|x64
		{1F23A35D-CD91-36A0-B061-DA06E154609E}.MinSizeRel|x64.Build.0 = MinSizeRel|x64
		{1F23A35D-CD91-36A0-B061-DA06E154609E}.RelWithDebInfo|x64.ActiveCfg = RelWithDebInfo|x64
		{1F23A35D-CD91-36A0-B061-DA06E154609E}.RelWithDebInfo|x64.Build.0 = RelWithDebInfo|x64
		{84A3B034-9E8A-392C-9060-F1BFD9A7A970}.Debug|x64.ActiveCfg = Debug|x64
		{84A3B034-9E8A-392C-9060-F1BFD9A7A970}.Debug|x64.Build.0 = Debug|x64
		{84A3B034-9E8A-392C-9060-F1BFD9A7A970}.Release|x64.ActiveCfg = Release|x64
		{84A3B034-9E8A-392C-9060-F1BFD9A7A970}.Release|x64.Build.0 = Release|x64
		{84A3B034-9E8A-392C-9060-F1BFD9A7A970}.MinSizeRel|x64.ActiveCfg = MinSizeRel|x64
		{84A3B034-9E8A-392C-9060-F1BFD9A7A970}.MinSizeRel|x64.Build.0 = MinSizeRel|x64
		{84A3B034-9E8A-392C-9060-F1BFD9A7A970}.RelWithDebInfo|x64.ActiveCfg = RelWithDebInfo|x64
		{84A3B034-9E8A-392C-9060-F1BFD9A7A970}.RelWithDebInfo|x64.Build.0 = RelWithDebInfo|x64
		{A8BDFC8A-44D6-34F5-BC09-3A7852CAE248}.Debug|x64.ActiveCfg = Debug|x64
		{A8BDFC8A-44D6-34F5-BC09-3A7852CAE248}.Debug|x64.Build.0 = Debug|x64
		{A8BDFC8A-44D6-34F5-BC09-3A7852CAE248}.Release|x64.ActiveCfg = Release|x64
		{A8BDFC8A-44D6-34F5-BC09-3A7852CAE248}.Release|x64.Build.0 = Release|x64
		{A8BDFC8A-44D6-34F5-BC09-3A7852CAE248}.MinSizeRel|x64.ActiveCfg = MinSizeRel|x64
		{A8BDFC8A-44D6-34F5-BC09-3A7852CAE248}.MinSizeRel|x64.Build.0 = MinSizeRel|x64
		{A8BDFC8A-44D6-34F5-BC09-3A7852CAE248}.RelWithDebInfo|x64.ActiveCfg = RelWithDebInfo|x64
		{A8BDFC8A-44D6-34F5-BC09-3A7852CAE248}.RelWithDebInfo|x64.Build.0 = RelWithDebInfo|x64
		{FB6A5A56-2633-3A84-9983-867AA790C54C}.Debug|x64.ActiveCfg = Debug|x64
		{FB6A5A56-2633-3A84-9983-867AA790C54C}.Debug|x64.Build.0 = Debug|x64
		{FB6A5A56-2633-3A84-9983-867AA790C54C}.Release|x64.ActiveCfg = Release|x64
		{FB6A5A56-2633-3A84-9983-867AA790C54C}.Release|x64.Build.0 = Release|x64
		{FB6A5A56-2633-3A84-9983-867AA790C54C}.MinSizeRel|x64.ActiveCfg = MinSizeRel|x64
		{FB6A5A56-2633-3A84-9983-867AA790C54C}.MinSizeRel|x64.Build.0 = MinSizeRel|x64
		{FB6A5A56-2633-3A84-9983-867AA790C54C}.RelWithDebInfo|x64.ActiveCfg = RelWithDebInfo|x64
		{FB6A5A56-2633-3A84-9983-867AA790C54C}.RelWithDebInfo|x64.Build.0 = RelWithDebInfo|x64
		{DDA7D573-BAED-30A4-8B71-CD529BFE9EEA}.Debug|x64.ActiveCfg = Debug|x64
		{DDA7D573-BAED-30A4-8B71-CD529BFE9EEA}.Debug|x64.Build.0 = Debug|x64
		{DDA7D573-BAED-30A4-8B71-CD529BFE9EEA}.Release|x64.ActiveCfg = Release|x64
		{DDA7D573-BAED-30A4-8B71-CD529BFE9EEA}.Release|x64.Build.0 = Release|x64
		{DDA7D573-BAED-30A4-8B71-CD529BFE9EEA}.MinSizeRel|x64.ActiveCfg = MinSizeRel|x64
		{DDA7D573-BAED-30A4-8B71-CD529BFE9EEA}.MinSizeRel|x64.Build.0 = MinSizeRel|x64
		{DDA7D573-BAED-30A4-8B71-CD529BFE9EEA}.RelWithDebInfo|x64.ActiveCfg = RelWithDebInfo|x64
		{DDA7D573-BAED-30A4-8B71-CD529BFE9EEA}.RelWithDebInfo|x64.Build.0 = RelWithDebInfo|x64
		{68DA07DE-6F76-333D-B259-217CBC3D2210}.Debug|x64.ActiveCfg = Debug|x64
		{68DA07DE-6F76-333D-B259-217CBC3D2210}.Debug|x64.Build.0 = Debug|x64
		{68DA07DE-6F76-333D-B259-217CBC3D2210}.Release|x64.ActiveCfg = Release|x64
		{68DA07DE-6F76-333D-B259-217CBC3D2210}.Release|x64.Build.0 = Release|x64
		{68DA07DE-6F76-333D-B259-217CBC3D2210}.MinSizeRel|x64.ActiveCfg = MinSizeRel|x64
		{68DA07DE-6F76-333D-B259-217CBC3D2210}.MinSizeRel|x64.Build.0 = MinSizeRel|x64
		{68DA07DE-6F76-333D-B259-217CBC3D2210}.RelWithDebInfo|x64.ActiveCfg = RelWithDebInfo|x64
		{68DA07DE-6F76-333D-B259-217CBC3D2210}.RelWithDebInfo|x64.Build.0 = RelWithDebInfo|x64
		{A50A41EE-985A-3CEF-BAD1-243D8C34A927}.Debug|x64.ActiveCfg = Debug|x64
		{A50A41EE-985A-3CEF-BAD1-243D8C34A927}.Debug|x64.Build.0 = Debug|x64
		{A50A41EE-985A-3CEF-BAD1-243D8C34A927}.Release|x64.ActiveCfg = Release|x64
		{A50A41EE-985A-3CEF-BAD1-243D8C34A927}.Release|x64.Build.0 = Release|x64
		{A50A41EE-985A-3CEF-BAD1-243D8C34A927}.MinSizeRel|x64.ActiveCfg = MinSizeRel|x64
		{A50A41EE-985A-3CEF-BAD1-243D8C34A927}.MinSizeRel|x64.Build.0 = MinSizeRel|x64
		{A50A41EE-985A-3CEF-BAD1-243D8C34A927}.RelWithDebInfo|x64.ActiveCfg = RelWithDebInfo|x64
		{A50A41EE-985A-3CEF-BAD1-243D8C34A927}.RelWithDebInfo|x64.Build.0 = RelWithDebInfo|x64
		{6BCA9865-032D-397A-9093-47647F8FE305}.Debug|x64.ActiveCfg = Debug|x64
		{6BCA9865-032D-397A-9093-47647F8FE305}.Debug|x64.Build.0 = Debug|x64
		{6BCA9865-032D-397A-9093-47647F8FE305}.Release|x64.ActiveCfg = Release|x64
		{6BCA9865-032D-397A-9093-47647F8FE305}.Release|x64.Build.0 = Release|x64
		{6BCA9865-032D-397A-9093-47647F8FE305}.MinSizeRel|x64.ActiveCfg = MinSizeRel|x64
		{6BCA9865-032D-397A-9093-47647F8FE305}.MinSizeRel|x64.Build.0 = MinSizeRel|x64
		{6BCA9865-032D-397A-9093-47647F8FE305}.RelWithDebInfo|x64.ActiveCfg = RelWithDebInfo|x64
		{6BCA9865-032D-397A-9093-47647F8FE305}.RelWithDebInfo|x64.Build.0 = RelWithDebInfo|x64
		{60A27490-9A65-3873-8402-FD52B7425CB7}.Debug|x64.ActiveCfg = Debug|x64
		{60A27490-9A65-3873-8402-FD52B7425CB7}.Debug|x64.Build.0 = Debug|x64
		{60A27490-9A65-3873-8402-FD52B7425CB7}.Release|x64.ActiveCfg = Release|x64
		{60A27490-9A65-3873-8402-FD52B7425CB7}.Release|x64.Build.0 = Release|x64
		{60A27490-9A65-3873-8402-FD52B7425CB7}.MinSizeRel|x64.ActiveCfg = MinSizeRel|x64
		{60A27490-9A65-3873-8402-FD52B7425CB7}.MinSizeRel|x64.Build.0 = MinSizeRel|x64
		{60A27490-9A65-3873-8402-FD52B7425CB7}.RelWithDebInfo|x64.ActiveCfg = RelWithDebInfo|x64
		{60A27490-9A65-3873-8402-FD52B7425CB7}.RelWithDebInfo|x64.Build.0 = RelWithDebInfo|x64
		{4CD62947-1039-3052-A95F-E4F760C1C384}.Debug|x64.ActiveCfg = Debug|x64
		{4CD62947-1039-3052-A95F-E4F760C1C384}.Debug|x64.Build.0 = Debug|x64
		{4CD62947-1039-3052-A95F-E4F760C1C384}.Release|x64.ActiveCfg = Release|x64
		{4CD62947-1039-3052-A95F-E4F760C1C384}.Release|x64.Build.0 = Release|x64
		{4CD62947-1039-3052-A95F-E4F760C1C384}.MinSizeRel|x64.ActiveCfg = MinSizeRel|x64
		{4CD62947-1039-3052-A95F-E4F760C1C384}.MinSizeRel|x64.Build.0 = MinSizeRel|x64
		{4CD62947-1039-3052-A95F-E4F760C1C384}.RelWithDebInfo|x64.ActiveCfg = RelWithDebInfo|x64
		{4CD62947-1039-3052-A95F-E4F760C1C384}.RelWithDebInfo|x64.Build.0 = RelWithDebInfo|x64
		{F2317228-3420-37BA-A567-2DF1C153C1DE}.Debug|x64.ActiveCfg = Debug|x64
		{F2317228-3420-37BA-A567-2DF1C153C1DE}.Debug|x64.Build.0 = Debug|x64
		{F2317228-3420-37BA-A567-2DF1C153C1DE}.Release|x64.ActiveCfg = Release|x64
		{F2317228-3420-37BA-A567-2DF1C153C1DE}.Release|x64.Build.0 = Release|x64
		{F2317228-3420-37BA-A567-2DF1C153C1DE}.MinSizeRel|x64.ActiveCfg = MinSizeRel|x64
		{F2317228-3420-37BA-A567-2DF1C153C1DE}.MinSizeRel|x64.Build.0 = MinSizeRel|x64
		{F2317228-3420-37BA-A567-2DF1C153C1DE}.RelWithDebInfo|x64.ActiveCfg = RelWithDebInfo|x64
		{F2317228-3420-37BA-A567-2DF1C153C1DE}.RelWithDebInfo|x64.Build.0 = RelWithDebInfo|x64
	EndGlobalSection
	GlobalSection(ExtensibilityGlobals) = postSolution
		SolutionGuid = {3ACDA41F-737D-3579-843C-B836F8BD72A9}
	EndGlobalSection
	GlobalSection(ExtensibilityAddIns) = postSolution
	EndGlobalSection
EndGlobal
