<?xml version="1.0" encoding="utf-8"?>
<Project ToolsVersion="17.0" xmlns="http://schemas.microsoft.com/developer/msbuild/2003">
  <ItemGroup>
    <CustomBuild Include="D:\projects\brogameagent\build_cuda\CMakeFiles\c27e7610d89f4cc0e21d6a6567190662\INSTALL_force.rule">
      <Filter>CMake Rules</Filter>
    </CustomBuild>
  </ItemGroup>
  <ItemGroup>
    <Filter Include="CMake Rules">
      <UniqueIdentifier>{FF7A9938-C462-3861-AB04-DA203D51F922}</UniqueIdentifier>
    </Filter>
  </ItemGroup>
</Project>
